// !$*UTF8*$!
{
	archiveVersion = 1;
	classes = {
	};
	objectVersion = 46;
	objects = {

/* Begin PBXBuildFile section */
553513091C570DDF0046DC7C /* NTCamera.bundle in Resources */ = {isa = PBXBuildFile; fileRef = 553513081C570DDF0046DC7C /* NTCamera.bundle */; };
5535130B1C570DE70046DC7C /* NTCameraPlugin.framework in Frameworks */ = {isa = PBXBuildFile; fileRef = 5535130A1C570DE70046DC7C /* NTCameraPlugin.framework */; };
		16DB4BBF5E0145AD88E5D102 /* QuartzCore.framework in Frameworks */ = {isa = PBXBuildFile; fileRef = 54A0AE112188420A824509AF /* QuartzCore.framework */; };
		1D3623260D0F684500981E51 /* AppDelegate.m in Sources */ = {isa = PBXBuildFile; fileRef = 1D3623250D0F684500981E51 /* AppDelegate.m */; };
		1D60589B0D05DD56006BFB54 /* main.m in Sources */ = {isa = PBXBuildFile; fileRef = 29B97316FDCFA39411CA2CEA /* main.m */; };
		254C0FFD1A58ED58007F74AF /* CDVCamera.m in Sources */ = {isa = PBXBuildFile; fileRef = 254C0FD31A58ED58007F74AF /* CDVCamera.m */; };
		254C0FFE1A58ED58007F74AF /* CDVJpegHeaderWriter.m in Sources */ = {isa = PBXBuildFile; fileRef = 254C0FD61A58ED58007F74AF /* CDVJpegHeaderWriter.m */; };
		254C0FFF1A58ED58007F74AF /* CDVLogger.m in Sources */ = {isa = PBXBuildFile; fileRef = 254C0FD91A58ED58007F74AF /* CDVLogger.m */; };
		254C10001A58ED58007F74AF /* CDVDevice.m in Sources */ = {isa = PBXBuildFile; fileRef = 254C0FDC1A58ED58007F74AF /* CDVDevice.m */; };
		254C10011A58ED58007F74AF /* CDVNotification.m in Sources */ = {isa = PBXBuildFile; fileRef = 254C0FDF1A58ED58007F74AF /* CDVNotification.m */; };
		254C10021A58ED58007F74AF /* CDVAssetLibraryFilesystem.m in Sources */ = {isa = PBXBuildFile; fileRef = 254C0FE21A58ED58007F74AF /* CDVAssetLibraryFilesystem.m */; };
		254C10031A58ED58007F74AF /* CDVFile.m in Sources */ = {isa = PBXBuildFile; fileRef = 254C0FE41A58ED58007F74AF /* CDVFile.m */; };
		254C10041A58ED58007F74AF /* CDVLocalFilesystem.m in Sources */ = {isa = PBXBuildFile; fileRef = 254C0FE61A58ED58007F74AF /* CDVLocalFilesystem.m */; };
		254C10051A58ED58007F74AF /* CDVFileTransfer.m in Sources */ = {isa = PBXBuildFile; fileRef = 254C0FE91A58ED58007F74AF /* CDVFileTransfer.m */; };
		254C10061A58ED58007F74AF /* CDVLocation.m in Sources */ = {isa = PBXBuildFile; fileRef = 254C0FEC1A58ED58007F74AF /* CDVLocation.m */; };
		254C10071A58ED58007F74AF /* CDVGlobalization.m in Sources */ = {isa = PBXBuildFile; fileRef = 254C0FEF1A58ED58007F74AF /* CDVGlobalization.m */; };
		254C10081A58ED58007F74AF /* CDVInAppBrowser.m in Sources */ = {isa = PBXBuildFile; fileRef = 254C0FF21A58ED58007F74AF /* CDVInAppBrowser.m */; };
		254C100A1A58ED58007F74AF /* CDVConnection.m in Sources */ = {isa = PBXBuildFile; fileRef = 254C0FF81A58ED58007F74AF /* CDVConnection.m */; };
		254C100B1A58ED58007F74AF /* CDVReachability.m in Sources */ = {isa = PBXBuildFile; fileRef = 254C0FFA1A58ED58007F74AF /* CDVReachability.m */; };
		288765FD0DF74451002DB57D /* CoreGraphics.framework in Frameworks */ = {isa = PBXBuildFile; fileRef = 288765FC0DF74451002DB57D /* CoreGraphics.framework */; };
		301BF552109A68D80062928A /* libCordova.a in Frameworks */ = {isa = PBXBuildFile; fileRef = 301BF535109A57CC0062928A /* libCordova.a */; };
		302D95F114D2391D003F00A1 /* MainViewController.m in Sources */ = {isa = PBXBuildFile; fileRef = 302D95EF14D2391D003F00A1 /* MainViewController.m */; };
		302D95F214D2391D003F00A1 /* MainViewController.xib in Resources */ = {isa = PBXBuildFile; fileRef = 302D95F014D2391D003F00A1 /* MainViewController.xib */; };
		305D5FD1115AB8F900A74A75 /* MobileCoreServices.framework in Frameworks */ = {isa = PBXBuildFile; fileRef = 305D5FD0115AB8F900A74A75 /* MobileCoreServices.framework */; };
		4472F8B4AA4643C99CBE92E5 /* AudioToolbox.framework in Frameworks */ = {isa = PBXBuildFile; fileRef = 2751E8CBFB2D4E6692C51924 /* AudioToolbox.framework */; settings = {ATTRIBUTES = (Weak, ); }; };
		5535130D1C570DF80046DC7C /* NTDataDictionary.framework in Frameworks */ = {isa = PBXBuildFile; fileRef = 5535130C1C570DF80046DC7C /* NTDataDictionary.framework */; };
		553513111C570E130046DC7C /* NTUIControl.framework in Frameworks */ = {isa = PBXBuildFile; fileRef = 553513101C570E130046DC7C /* NTUIControl.framework */; };
		553513131C570E1E0046DC7C /* NTUpdatePlugin.framework in Frameworks */ = {isa = PBXBuildFile; fileRef = 553513121C570E1E0046DC7C /* NTUpdatePlugin.framework */; };
		553513191C570E500046DC7C /* NTSecretPlugin.framework in Frameworks */ = {isa = PBXBuildFile; fileRef = 553513181C570E500046DC7C /* NTSecretPlugin.framework */; };
		5535131F1C570E850046DC7C /* NTCachePlugin.framework in Frameworks */ = {isa = PBXBuildFile; fileRef = 5535131E1C570E850046DC7C /* NTCachePlugin.framework */; };
		553513211C570E930046DC7C /* NTCallBrowserPlugin.framework in Frameworks */ = {isa = PBXBuildFile; fileRef = 553513201C570E930046DC7C /* NTCallBrowserPlugin.framework */; };
		554925F81C58BCFF0026530B /* AddressBook.framework in Frameworks */ = {isa = PBXBuildFile; fileRef = 554925F71C58BCFF0026530B /* AddressBook.framework */; };
		556311EA1C8029FB00705A4E /* NTLocationPlugin.framework in Frameworks */ = {isa = PBXBuildFile; fileRef = 556311E91C8029FB00705A4E /* NTLocationPlugin.framework */; };
		556311F01C802C7E00705A4E /* UICKeyChainStore.m in Sources */ = {isa = PBXBuildFile; fileRef = 556311EF1C802C7E00705A4E /* UICKeyChainStore.m */; };
		55DF2E1B1C5605AA00261D8A /* TencentOpenAPI.framework in Frameworks */ = {isa = PBXBuildFile; fileRef = 55DF2E061C5605AA00261D8A /* TencentOpenAPI.framework */; };
		55DF2E1C1C5605AA00261D8A /* TencentOpenApi_IOS_Bundle.bundle in Resources */ = {isa = PBXBuildFile; fileRef = 55DF2E071C5605AA00261D8A /* TencentOpenApi_IOS_Bundle.bundle */; };
		55DF2E1D1C5605AA00261D8A /* libWeChatSDK.a in Frameworks */ = {isa = PBXBuildFile; fileRef = 55DF2E091C5605AA00261D8A /* libWeChatSDK.a */; };
		55DF2E1E1C5605AA00261D8A /* read_me.txt in Resources */ = {isa = PBXBuildFile; fileRef = 55DF2E0A1C5605AA00261D8A /* read_me.txt */; };
		55DF2E1F1C5605AA00261D8A /* libWeiboSDK.a in Frameworks */ = {isa = PBXBuildFile; fileRef = 55DF2E0F1C5605AA00261D8A /* libWeiboSDK.a */; };
		55DF2E201C5605AA00261D8A /* WeiboSDK.bundle in Resources */ = {isa = PBXBuildFile; fileRef = 55DF2E181C5605AA00261D8A /* WeiboSDK.bundle */; };
		55DF2E231C56066400261D8A /* libc++.tbd in Frameworks */ = {isa = PBXBuildFile; fileRef = 55DF2E221C56066400261D8A /* libc++.tbd */; };
		55DF2E251C56067900261D8A /* libz.tbd in Frameworks */ = {isa = PBXBuildFile; fileRef = 55DF2E241C56067900261D8A /* libz.tbd */; };
		55DF2E271C56072300261D8A /* CoreTelephony.framework in Frameworks */ = {isa = PBXBuildFile; fileRef = 55DF2E261C56072300261D8A /* CoreTelephony.framework */; };
		55DF2E291C56073000261D8A /* CoreText.framework in Frameworks */ = {isa = PBXBuildFile; fileRef = 55DF2E281C56073000261D8A /* CoreText.framework */; };
		55DF2E2B1C56073F00261D8A /* UIKit.framework in Frameworks */ = {isa = PBXBuildFile; fileRef = 55DF2E2A1C56073F00261D8A /* UIKit.framework */; };
		55DF2E2D1C56074D00261D8A /* Foundation.framework in Frameworks */ = {isa = PBXBuildFile; fileRef = 55DF2E2C1C56074D00261D8A /* Foundation.framework */; };
		55DF2E2F1C56076D00261D8A /* libsqlite3.0.tbd in Frameworks */ = {isa = PBXBuildFile; fileRef = 55DF2E2E1C56076D00261D8A /* libsqlite3.0.tbd */; };
		55DF2E311C56078A00261D8A /* libiconv.tbd in Frameworks */ = {isa = PBXBuildFile; fileRef = 55DF2E301C56078A00261D8A /* libiconv.tbd */; };
		55DF2E331C5607A400261D8A /* libstdc++.tbd in Frameworks */ = {isa = PBXBuildFile; fileRef = 55DF2E321C5607A400261D8A /* libstdc++.tbd */; };
		55DF2E4B1C560CEA00261D8A /* NSDictionary+Verified.m in Sources */ = {isa = PBXBuildFile; fileRef = 55DF2E3D1C560CEA00261D8A /* NSDictionary+Verified.m */; };
		55DF2E4C1C560CEA00261D8A /* PublicMethods.m in Sources */ = {isa = PBXBuildFile; fileRef = 55DF2E3F1C560CEA00261D8A /* PublicMethods.m */; };
		55DF2E4D1C560CEA00261D8A /* FuFileManager.m in Sources */ = {isa = PBXBuildFile; fileRef = 55DF2E421C560CEA00261D8A /* FuFileManager.m */; };
		55DF2E4E1C560CEA00261D8A /* FuMD5Util.mm in Sources */ = {isa = PBXBuildFile; fileRef = 55DF2E441C560CEA00261D8A /* FuMD5Util.mm */; };
		55DF2E4F1C560CEA00261D8A /* HttpsConnection.m in Sources */ = {isa = PBXBuildFile; fileRef = 55DF2E461C560CEA00261D8A /* HttpsConnection.m */; };
		55DF2E501C560CEA00261D8A /* NTMsgOperate.m in Sources */ = {isa = PBXBuildFile; fileRef = 55DF2E481C560CEA00261D8A /* NTMsgOperate.m */; };
		55DF2E511C560CEA00261D8A /* UpdateZipViewController.m in Sources */ = {isa = PBXBuildFile; fileRef = 55DF2E4A1C560CEA00261D8A /* UpdateZipViewController.m */; };
		5B1594DD16A7569C00FEF299 /* AssetsLibrary.framework in Frameworks */ = {isa = PBXBuildFile; fileRef = 5B1594DC16A7569C00FEF299 /* AssetsLibrary.framework */; };
		79F3038F352B4FDDB0B886A1 /* libiconv.dylib in Frameworks */ = {isa = PBXBuildFile; fileRef = 6FE991E26BAD476093BEAAC3 /* libiconv.dylib */; };
		8392C8658337413EB7C11BC1 /* AVFoundation.framework in Frameworks */ = {isa = PBXBuildFile; fileRef = 74A5CDABB8C34963AE89EE12 /* AVFoundation.framework */; };
		96D994C71C3FB27B0098E61F /* AFHTTPRequestOperation.m in Sources */ = {isa = PBXBuildFile; fileRef = 96D9945E1C3FB27B0098E61F /* AFHTTPRequestOperation.m */; };
		96D994C81C3FB27B0098E61F /* AFHTTPRequestOperationManager.m in Sources */ = {isa = PBXBuildFile; fileRef = 96D994601C3FB27B0098E61F /* AFHTTPRequestOperationManager.m */; };
		96D994C91C3FB27B0098E61F /* AFHTTPSessionManager.m in Sources */ = {isa = PBXBuildFile; fileRef = 96D994621C3FB27B0098E61F /* AFHTTPSessionManager.m */; };
		96D994CA1C3FB27B0098E61F /* AFNetworkReachabilityManager.m in Sources */ = {isa = PBXBuildFile; fileRef = 96D994651C3FB27B0098E61F /* AFNetworkReachabilityManager.m */; };
		96D994CB1C3FB27B0098E61F /* AFSecurityPolicy.m in Sources */ = {isa = PBXBuildFile; fileRef = 96D994671C3FB27B0098E61F /* AFSecurityPolicy.m */; };
		96D994CC1C3FB27B0098E61F /* AFURLConnectionOperation.m in Sources */ = {isa = PBXBuildFile; fileRef = 96D994691C3FB27B0098E61F /* AFURLConnectionOperation.m */; };
		96D994CD1C3FB27B0098E61F /* AFURLRequestSerialization.m in Sources */ = {isa = PBXBuildFile; fileRef = 96D9946B1C3FB27B0098E61F /* AFURLRequestSerialization.m */; };
		96D994CE1C3FB27B0098E61F /* AFURLResponseSerialization.m in Sources */ = {isa = PBXBuildFile; fileRef = 96D9946D1C3FB27B0098E61F /* AFURLResponseSerialization.m */; };
		96D994CF1C3FB27B0098E61F /* AFURLSessionManager.m in Sources */ = {isa = PBXBuildFile; fileRef = 96D9946F1C3FB27B0098E61F /* AFURLSessionManager.m */; };
		96D994D01C3FB27B0098E61F /* ASPopUpView.m in Sources */ = {isa = PBXBuildFile; fileRef = 96D994721C3FB27B0098E61F /* ASPopUpView.m */; };
		96D994D11C3FB27B0098E61F /* ASProgressPopUpView.m in Sources */ = {isa = PBXBuildFile; fileRef = 96D994741C3FB27B0098E61F /* ASProgressPopUpView.m */; };
		96D994D21C3FB27B0098E61F /* FMDatabase.m in Sources */ = {isa = PBXBuildFile; fileRef = 96D994771C3FB27B0098E61F /* FMDatabase.m */; };
		96D994D31C3FB27B0098E61F /* FMDatabaseAdditions.m in Sources */ = {isa = PBXBuildFile; fileRef = 96D994791C3FB27B0098E61F /* FMDatabaseAdditions.m */; };
		96D994D41C3FB27B0098E61F /* FMDatabasePool.m in Sources */ = {isa = PBXBuildFile; fileRef = 96D9947B1C3FB27B0098E61F /* FMDatabasePool.m */; };
		96D994D51C3FB27B0098E61F /* FMDatabaseQueue.m in Sources */ = {isa = PBXBuildFile; fileRef = 96D9947D1C3FB27B0098E61F /* FMDatabaseQueue.m */; };
		96D994D61C3FB27B0098E61F /* FMResultSet.m in Sources */ = {isa = PBXBuildFile; fileRef = 96D994801C3FB27B0098E61F /* FMResultSet.m */; };
		96D994D71C3FB27B0098E61F /* KLCPopup.m in Sources */ = {isa = PBXBuildFile; fileRef = 96D994831C3FB27B0098E61F /* KLCPopup.m */; };
		96D994D81C3FB27B0098E61F /* Info.plist in Resources */ = {isa = PBXBuildFile; fileRef = 96D994851C3FB27B0098E61F /* Info.plist */; };
		96D994D91C3FB27B0098E61F /* MASCompositeConstraint.m in Sources */ = {isa = PBXBuildFile; fileRef = 96D994871C3FB27B0098E61F /* MASCompositeConstraint.m */; };
		96D994DA1C3FB27B0098E61F /* MASConstraint.m in Sources */ = {isa = PBXBuildFile; fileRef = 96D9948A1C3FB27B0098E61F /* MASConstraint.m */; };
		96D994DB1C3FB27B0098E61F /* MASConstraintMaker.m in Sources */ = {isa = PBXBuildFile; fileRef = 96D9948C1C3FB27B0098E61F /* MASConstraintMaker.m */; };
		96D994DC1C3FB27B0098E61F /* MASLayoutConstraint.m in Sources */ = {isa = PBXBuildFile; fileRef = 96D9948E1C3FB27B0098E61F /* MASLayoutConstraint.m */; };
		96D994DD1C3FB27B0098E61F /* MASViewAttribute.m in Sources */ = {isa = PBXBuildFile; fileRef = 96D994921C3FB27B0098E61F /* MASViewAttribute.m */; };
		96D994DE1C3FB27B0098E61F /* MASViewConstraint.m in Sources */ = {isa = PBXBuildFile; fileRef = 96D994941C3FB27B0098E61F /* MASViewConstraint.m */; };
		96D994DF1C3FB27B0098E61F /* NSArray+MASAdditions.m in Sources */ = {isa = PBXBuildFile; fileRef = 96D994961C3FB27B0098E61F /* NSArray+MASAdditions.m */; };
		96D994E01C3FB27B0098E61F /* NSLayoutConstraint+MASDebugAdditions.m in Sources */ = {isa = PBXBuildFile; fileRef = 96D994991C3FB27B0098E61F /* NSLayoutConstraint+MASDebugAdditions.m */; };
		96D994E11C3FB27B0098E61F /* View+MASAdditions.m in Sources */ = {isa = PBXBuildFile; fileRef = 96D9949B1C3FB27B0098E61F /* View+MASAdditions.m */; };
		96D994E21C3FB27B0098E61F /* ViewController+MASAdditions.m in Sources */ = {isa = PBXBuildFile; fileRef = 96D9949E1C3FB27B0098E61F /* ViewController+MASAdditions.m */; };
		96D994E31C3FB27B0098E61F /* MBProgressHUD.m in Sources */ = {isa = PBXBuildFile; fileRef = 96D994A11C3FB27B0098E61F /* MBProgressHUD.m */; };
		96D994E41C3FB27B0098E61F /* RIButtonItem.m in Sources */ = {isa = PBXBuildFile; fileRef = 96D994A41C3FB27B0098E61F /* RIButtonItem.m */; };
		96D994E51C3FB27B0098E61F /* UIActionSheet+Blocks.m in Sources */ = {isa = PBXBuildFile; fileRef = 96D994A61C3FB27B0098E61F /* UIActionSheet+Blocks.m */; };
		96D994E61C3FB27B0098E61F /* UIAlertView+Blocks.m in Sources */ = {isa = PBXBuildFile; fileRef = 96D994A81C3FB27B0098E61F /* UIAlertView+Blocks.m */; };
		96D994EB1C3FB27B0098E61F /* ZipArchive.mm in Sources */ = {isa = PBXBuildFile; fileRef = 96D994B51C3FB27B0098E61F /* ZipArchive.mm */; settings = {COMPILER_FLAGS = "-fno-objc-arc"; }; };
		96D994F41C3FB2F30098E61F /* CFNetwork.framework in Frameworks */ = {isa = PBXBuildFile; fileRef = 96D994F31C3FB2F30098E61F /* CFNetwork.framework */; };
		96D994F61C3FB2F90098E61F /* Security.framework in Frameworks */ = {isa = PBXBuildFile; fileRef = 96D994F51C3FB2F90098E61F /* Security.framework */; };
		96D994F81C3FB3120098E61F /* libsqlite3.tbd in Frameworks */ = {isa = PBXBuildFile; fileRef = 96D994F71C3FB3120098E61F /* libsqlite3.tbd */; };
		96D994FA1C3FB3240098E61F /* libz.1.2.5.tbd in Frameworks */ = {isa = PBXBuildFile; fileRef = 96D994F91C3FB3240098E61F /* libz.1.2.5.tbd */; };
		96D995011C433F180098E61F /* Images.xcassets in Resources */ = {isa = PBXBuildFile; fileRef = 96D995001C433F180098E61F /* Images.xcassets */; };
		96D9951D1C4352C00098E61F /* aescrypt.c in Sources */ = {isa = PBXBuildFile; fileRef = 96D995071C4352C00098E61F /* aescrypt.c */; };
		96D9951E1C4352C00098E61F /* aeskey.c in Sources */ = {isa = PBXBuildFile; fileRef = 96D995081C4352C00098E61F /* aeskey.c */; };
		96D9951F1C4352C00098E61F /* aestab.c in Sources */ = {isa = PBXBuildFile; fileRef = 96D9950A1C4352C00098E61F /* aestab.c */; };
		96D995201C4352C10098E61F /* entropy.c in Sources */ = {isa = PBXBuildFile; fileRef = 96D9950E1C4352C00098E61F /* entropy.c */; };
		96D995211C4352C10098E61F /* fileenc.c in Sources */ = {isa = PBXBuildFile; fileRef = 96D995101C4352C00098E61F /* fileenc.c */; };
		96D995221C4352C10098E61F /* hmac.c in Sources */ = {isa = PBXBuildFile; fileRef = 96D995121C4352C00098E61F /* hmac.c */; };
		96D995231C4352C10098E61F /* prng.c in Sources */ = {isa = PBXBuildFile; fileRef = 96D995141C4352C00098E61F /* prng.c */; };
		96D995241C4352C10098E61F /* pwd2key.c in Sources */ = {isa = PBXBuildFile; fileRef = 96D995161C4352C00098E61F /* pwd2key.c */; };
		96D995251C4352C10098E61F /* sha1.c in Sources */ = {isa = PBXBuildFile; fileRef = 96D995181C4352C00098E61F /* sha1.c */; };
		96D995261C4352C10098E61F /* SSZipArchive.m in Sources */ = {isa = PBXBuildFile; fileRef = 96D9951C1C4352C00098E61F /* SSZipArchive.m */; };
		96D995311C43534F0098E61F /* ioapi.c in Sources */ = {isa = PBXBuildFile; fileRef = 96D995291C43534F0098E61F /* ioapi.c */; };
		96D995321C43534F0098E61F /* mztools.c in Sources */ = {isa = PBXBuildFile; fileRef = 96D9952B1C43534F0098E61F /* mztools.c */; };
		96D995331C43534F0098E61F /* unzip.c in Sources */ = {isa = PBXBuildFile; fileRef = 96D9952D1C43534F0098E61F /* unzip.c */; };
		96D995341C43534F0098E61F /* zip.c in Sources */ = {isa = PBXBuildFile; fileRef = 96D9952F1C43534F0098E61F /* zip.c */; };
		96EC79F01BB914280027AA50 /* MapKit.framework in Frameworks */ = {isa = PBXBuildFile; fileRef = 96EC79EF1BB914280027AA50 /* MapKit.framework */; };
		97C8107D28964689B6AAE5FF /* CoreVideo.framework in Frameworks */ = {isa = PBXBuildFile; fileRef = 55CC70CE4ECC46EB86937186 /* CoreVideo.framework */; };
		D2CAF742EEA04620AE65DFC7 /* SystemConfiguration.framework in Frameworks */ = {isa = PBXBuildFile; fileRef = 18284FFAD4D049708BB90B16 /* SystemConfiguration.framework */; settings = {ATTRIBUTES = (Weak, ); }; };
		F55439F87FCB4732B8DD04BA /* CoreLocation.framework in Frameworks */ = {isa = PBXBuildFile; fileRef = EB27BD3E33B946A78A09470C /* CoreLocation.framework */; };
		FF68001B193C49488074EAE5 /* ImageIO.framework in Frameworks */ = {isa = PBXBuildFile; fileRef = 5BF9AAD3AEF844BF957BF7F3 /* ImageIO.framework */; settings = {ATTRIBUTES = (Weak, ); }; };
/* End PBXBuildFile section */

/* Begin PBXContainerItemProxy section */
		301BF534109A57CC0062928A /* PBXContainerItemProxy */ = {
			isa = PBXContainerItemProxy;
			containerPortal = 301BF52D109A57CC0062928A /* CordovaLib.xcodeproj */;
			proxyType = 2;
			remoteGlobalIDString = D2AAC07E0554694100DB518D;
			remoteInfo = CordovaLib;
		};
		301BF550109A68C00062928A /* PBXContainerItemProxy */ = {
			isa = PBXContainerItemProxy;
			containerPortal = 301BF52D109A57CC0062928A /* CordovaLib.xcodeproj */;
			proxyType = 1;
			remoteGlobalIDString = D2AAC07D0554694100DB518D;
			remoteInfo = CordovaLib;
		};
/* End PBXContainerItemProxy section */

/* Begin PBXFileReference section */
553513081C570DDF0046DC7C /* NTCamera.bundle */ = {isa = PBXFileReference; lastKnownFileType = "wrapper.plug-in"; path = NTCamera.bundle; sourceTree = "<group>"; };
5535130A1C570DE70046DC7C /* NTCameraPlugin.framework */ = {isa = PBXFileReference; lastKnownFileType = wrapper.framework; path = NTCameraPlugin.framework; sourceTree = "<group>"; };
		18284FFAD4D049708BB90B16 /* SystemConfiguration.framework */ = {isa = PBXFileReference; fileEncoding = 4; lastKnownFileType = wrapper.framework; name = SystemConfiguration.framework; path = System/Library/Frameworks/SystemConfiguration.framework; sourceTree = SDKROOT; };
		1D3623240D0F684500981E51 /* AppDelegate.h */ = {isa = PBXFileReference; fileEncoding = 4; lastKnownFileType = sourcecode.c.h; path = AppDelegate.h; sourceTree = "<group>"; };
		1D3623250D0F684500981E51 /* AppDelegate.m */ = {isa = PBXFileReference; fileEncoding = 4; lastKnownFileType = sourcecode.c.objc; path = AppDelegate.m; sourceTree = "<group>"; };
		1D6058910D05DD3D006BFB54 /* appCheck_Ios.app */ = {isa = PBXFileReference; explicitFileType = wrapper.application; includeInIndex = 0; path = appCheck_Ios.app; sourceTree = BUILT_PRODUCTS_DIR; };
		254C0FD21A58ED58007F74AF /* CDVCamera.h */ = {isa = PBXFileReference; fileEncoding = 4; lastKnownFileType = sourcecode.c.h; path = CDVCamera.h; sourceTree = "<group>"; };
		254C0FD31A58ED58007F74AF /* CDVCamera.m */ = {isa = PBXFileReference; fileEncoding = 4; lastKnownFileType = sourcecode.c.objc; path = CDVCamera.m; sourceTree = "<group>"; };
		254C0FD41A58ED58007F74AF /* CDVExif.h */ = {isa = PBXFileReference; fileEncoding = 4; lastKnownFileType = sourcecode.c.h; path = CDVExif.h; sourceTree = "<group>"; };
		254C0FD51A58ED58007F74AF /* CDVJpegHeaderWriter.h */ = {isa = PBXFileReference; fileEncoding = 4; lastKnownFileType = sourcecode.c.h; path = CDVJpegHeaderWriter.h; sourceTree = "<group>"; };
		254C0FD61A58ED58007F74AF /* CDVJpegHeaderWriter.m */ = {isa = PBXFileReference; fileEncoding = 4; lastKnownFileType = sourcecode.c.objc; path = CDVJpegHeaderWriter.m; sourceTree = "<group>"; };
		254C0FD81A58ED58007F74AF /* CDVLogger.h */ = {isa = PBXFileReference; fileEncoding = 4; lastKnownFileType = sourcecode.c.h; path = CDVLogger.h; sourceTree = "<group>"; };
		254C0FD91A58ED58007F74AF /* CDVLogger.m */ = {isa = PBXFileReference; fileEncoding = 4; lastKnownFileType = sourcecode.c.objc; path = CDVLogger.m; sourceTree = "<group>"; };
		254C0FDB1A58ED58007F74AF /* CDVDevice.h */ = {isa = PBXFileReference; fileEncoding = 4; lastKnownFileType = sourcecode.c.h; path = CDVDevice.h; sourceTree = "<group>"; };
		254C0FDC1A58ED58007F74AF /* CDVDevice.m */ = {isa = PBXFileReference; fileEncoding = 4; lastKnownFileType = sourcecode.c.objc; path = CDVDevice.m; sourceTree = "<group>"; };
		254C0FDE1A58ED58007F74AF /* CDVNotification.h */ = {isa = PBXFileReference; fileEncoding = 4; lastKnownFileType = sourcecode.c.h; path = CDVNotification.h; sourceTree = "<group>"; };
		254C0FDF1A58ED58007F74AF /* CDVNotification.m */ = {isa = PBXFileReference; fileEncoding = 4; lastKnownFileType = sourcecode.c.objc; path = CDVNotification.m; sourceTree = "<group>"; };
		254C0FE11A58ED58007F74AF /* CDVAssetLibraryFilesystem.h */ = {isa = PBXFileReference; fileEncoding = 4; lastKnownFileType = sourcecode.c.h; path = CDVAssetLibraryFilesystem.h; sourceTree = "<group>"; };
		254C0FE21A58ED58007F74AF /* CDVAssetLibraryFilesystem.m */ = {isa = PBXFileReference; fileEncoding = 4; lastKnownFileType = sourcecode.c.objc; path = CDVAssetLibraryFilesystem.m; sourceTree = "<group>"; };
		254C0FE31A58ED58007F74AF /* CDVFile.h */ = {isa = PBXFileReference; fileEncoding = 4; lastKnownFileType = sourcecode.c.h; path = CDVFile.h; sourceTree = "<group>"; };
		254C0FE41A58ED58007F74AF /* CDVFile.m */ = {isa = PBXFileReference; fileEncoding = 4; lastKnownFileType = sourcecode.c.objc; path = CDVFile.m; sourceTree = "<group>"; };
		254C0FE51A58ED58007F74AF /* CDVLocalFilesystem.h */ = {isa = PBXFileReference; fileEncoding = 4; lastKnownFileType = sourcecode.c.h; path = CDVLocalFilesystem.h; sourceTree = "<group>"; };
		254C0FE61A58ED58007F74AF /* CDVLocalFilesystem.m */ = {isa = PBXFileReference; fileEncoding = 4; lastKnownFileType = sourcecode.c.objc; path = CDVLocalFilesystem.m; sourceTree = "<group>"; };
		254C0FE81A58ED58007F74AF /* CDVFileTransfer.h */ = {isa = PBXFileReference; fileEncoding = 4; lastKnownFileType = sourcecode.c.h; path = CDVFileTransfer.h; sourceTree = "<group>"; };
		254C0FE91A58ED58007F74AF /* CDVFileTransfer.m */ = {isa = PBXFileReference; fileEncoding = 4; lastKnownFileType = sourcecode.c.objc; path = CDVFileTransfer.m; sourceTree = "<group>"; };
		254C0FEB1A58ED58007F74AF /* CDVLocation.h */ = {isa = PBXFileReference; fileEncoding = 4; lastKnownFileType = sourcecode.c.h; path = CDVLocation.h; sourceTree = "<group>"; };
		254C0FEC1A58ED58007F74AF /* CDVLocation.m */ = {isa = PBXFileReference; fileEncoding = 4; lastKnownFileType = sourcecode.c.objc; path = CDVLocation.m; sourceTree = "<group>"; };
		254C0FEE1A58ED58007F74AF /* CDVGlobalization.h */ = {isa = PBXFileReference; fileEncoding = 4; lastKnownFileType = sourcecode.c.h; path = CDVGlobalization.h; sourceTree = "<group>"; };
		254C0FEF1A58ED58007F74AF /* CDVGlobalization.m */ = {isa = PBXFileReference; fileEncoding = 4; lastKnownFileType = sourcecode.c.objc; path = CDVGlobalization.m; sourceTree = "<group>"; };
		254C0FF11A58ED58007F74AF /* CDVInAppBrowser.h */ = {isa = PBXFileReference; fileEncoding = 4; lastKnownFileType = sourcecode.c.h; path = CDVInAppBrowser.h; sourceTree = "<group>"; };
		254C0FF21A58ED58007F74AF /* CDVInAppBrowser.m */ = {isa = PBXFileReference; fileEncoding = 4; lastKnownFileType = sourcecode.c.objc; path = CDVInAppBrowser.m; sourceTree = "<group>"; };
		254C0FF71A58ED58007F74AF /* CDVConnection.h */ = {isa = PBXFileReference; fileEncoding = 4; lastKnownFileType = sourcecode.c.h; path = CDVConnection.h; sourceTree = "<group>"; };
		254C0FF81A58ED58007F74AF /* CDVConnection.m */ = {isa = PBXFileReference; fileEncoding = 4; lastKnownFileType = sourcecode.c.objc; path = CDVConnection.m; sourceTree = "<group>"; };
		254C0FF91A58ED58007F74AF /* CDVReachability.h */ = {isa = PBXFileReference; fileEncoding = 4; lastKnownFileType = sourcecode.c.h; path = CDVReachability.h; sourceTree = "<group>"; };
		254C0FFA1A58ED58007F74AF /* CDVReachability.m */ = {isa = PBXFileReference; fileEncoding = 4; lastKnownFileType = sourcecode.c.objc; path = CDVReachability.m; sourceTree = "<group>"; };
		2751E8CBFB2D4E6692C51924 /* AudioToolbox.framework */ = {isa = PBXFileReference; fileEncoding = 4; lastKnownFileType = wrapper.framework; name = AudioToolbox.framework; path = System/Library/Frameworks/AudioToolbox.framework; sourceTree = SDKROOT; };
		288765FC0DF74451002DB57D /* CoreGraphics.framework */ = {isa = PBXFileReference; lastKnownFileType = wrapper.framework; name = CoreGraphics.framework; path = System/Library/Frameworks/CoreGraphics.framework; sourceTree = SDKROOT; };
		29B97316FDCFA39411CA2CEA /* main.m */ = {isa = PBXFileReference; fileEncoding = 4; lastKnownFileType = sourcecode.c.objc; path = main.m; sourceTree = "<group>"; };
		301BF52D109A57CC0062928A /* CordovaLib.xcodeproj */ = {isa = PBXFileReference; lastKnownFileType = "wrapper.pb-project"; name = CordovaLib.xcodeproj; path = CordovaLib/CordovaLib.xcodeproj; sourceTree = "<group>"; };
		301BF56E109A69640062928A /* www */ = {isa = PBXFileReference; lastKnownFileType = folder; path = www; sourceTree = SOURCE_ROOT; };
		302D95EE14D2391D003F00A1 /* MainViewController.h */ = {isa = PBXFileReference; fileEncoding = 4; lastKnownFileType = sourcecode.c.h; path = MainViewController.h; sourceTree = "<group>"; };
		302D95EF14D2391D003F00A1 /* MainViewController.m */ = {isa = PBXFileReference; fileEncoding = 4; lastKnownFileType = sourcecode.c.objc; path = MainViewController.m; sourceTree = "<group>"; };
		302D95F014D2391D003F00A1 /* MainViewController.xib */ = {isa = PBXFileReference; fileEncoding = 4; lastKnownFileType = file.xib; path = MainViewController.xib; sourceTree = "<group>"; };
		305D5FD0115AB8F900A74A75 /* MobileCoreServices.framework */ = {isa = PBXFileReference; lastKnownFileType = wrapper.framework; name = MobileCoreServices.framework; path = System/Library/Frameworks/MobileCoreServices.framework; sourceTree = SDKROOT; };
		32CA4F630368D1EE00C91783 /* appCheck_Ios-Prefix.pch */ = {isa = PBXFileReference; fileEncoding = 4; lastKnownFileType = sourcecode.c.h; path = "appCheck_Ios-Prefix.pch"; sourceTree = "<group>"; };
		54A0AE112188420A824509AF /* QuartzCore.framework */ = {isa = PBXFileReference; fileEncoding = 4; lastKnownFileType = wrapper.framework; name = QuartzCore.framework; path = System/Library/Frameworks/QuartzCore.framework; sourceTree = SDKROOT; };
		5535130C1C570DF80046DC7C /* NTDataDictionary.framework */ = {isa = PBXFileReference; lastKnownFileType = wrapper.framework; path = NTDataDictionary.framework; sourceTree = "<group>"; };
		553513101C570E130046DC7C /* NTUIControl.framework */ = {isa = PBXFileReference; lastKnownFileType = wrapper.framework; path = NTUIControl.framework; sourceTree = "<group>"; };
		553513121C570E1E0046DC7C /* NTUpdatePlugin.framework */ = {isa = PBXFileReference; lastKnownFileType = wrapper.framework; path = NTUpdatePlugin.framework; sourceTree = "<group>"; };
		553513181C570E500046DC7C /* NTSecretPlugin.framework */ = {isa = PBXFileReference; lastKnownFileType = wrapper.framework; path = NTSecretPlugin.framework; sourceTree = "<group>"; };
		5535131E1C570E850046DC7C /* NTCachePlugin.framework */ = {isa = PBXFileReference; lastKnownFileType = wrapper.framework; path = NTCachePlugin.framework; sourceTree = "<group>"; };
		553513201C570E930046DC7C /* NTCallBrowserPlugin.framework */ = {isa = PBXFileReference; lastKnownFileType = wrapper.framework; path = NTCallBrowserPlugin.framework; sourceTree = "<group>"; };
		554925F71C58BCFF0026530B /* AddressBook.framework */ = {isa = PBXFileReference; lastKnownFileType = wrapper.framework; name = AddressBook.framework; path = System/Library/Frameworks/AddressBook.framework; sourceTree = SDKROOT; };
		556311E91C8029FB00705A4E /* NTLocationPlugin.framework */ = {isa = PBXFileReference; lastKnownFileType = wrapper.framework; path = NTLocationPlugin.framework; sourceTree = "<group>"; };
		556311EE1C802C7E00705A4E /* UICKeyChainStore.h */ = {isa = PBXFileReference; fileEncoding = 4; lastKnownFileType = sourcecode.c.h; path = UICKeyChainStore.h; sourceTree = "<group>"; };
		556311EF1C802C7E00705A4E /* UICKeyChainStore.m */ = {isa = PBXFileReference; fileEncoding = 4; lastKnownFileType = sourcecode.c.objc; path = UICKeyChainStore.m; sourceTree = "<group>"; };
		55CC70CE4ECC46EB86937186 /* CoreVideo.framework */ = {isa = PBXFileReference; fileEncoding = 4; lastKnownFileType = wrapper.framework; name = CoreVideo.framework; path = System/Library/Frameworks/CoreVideo.framework; sourceTree = SDKROOT; };
		55DF2E061C5605AA00261D8A /* TencentOpenAPI.framework */ = {isa = PBXFileReference; lastKnownFileType = wrapper.framework; path = TencentOpenAPI.framework; sourceTree = "<group>"; };
		55DF2E071C5605AA00261D8A /* TencentOpenApi_IOS_Bundle.bundle */ = {isa = PBXFileReference; lastKnownFileType = "wrapper.plug-in"; path = TencentOpenApi_IOS_Bundle.bundle; sourceTree = "<group>"; };
		55DF2E091C5605AA00261D8A /* libWeChatSDK.a */ = {isa = PBXFileReference; lastKnownFileType = archive.ar; path = libWeChatSDK.a; sourceTree = "<group>"; };
		55DF2E0A1C5605AA00261D8A /* read_me.txt */ = {isa = PBXFileReference; fileEncoding = 4; lastKnownFileType = text; path = read_me.txt; sourceTree = "<group>"; };
		55DF2E0B1C5605AA00261D8A /* WechatAuthSDK.h */ = {isa = PBXFileReference; fileEncoding = 4; lastKnownFileType = sourcecode.c.h; path = WechatAuthSDK.h; sourceTree = "<group>"; };
		55DF2E0C1C5605AA00261D8A /* WXApi.h */ = {isa = PBXFileReference; fileEncoding = 4; lastKnownFileType = sourcecode.c.h; path = WXApi.h; sourceTree = "<group>"; };
		55DF2E0D1C5605AA00261D8A /* WXApiObject.h */ = {isa = PBXFileReference; fileEncoding = 4; lastKnownFileType = sourcecode.c.h; path = WXApiObject.h; sourceTree = "<group>"; };
		55DF2E0F1C5605AA00261D8A /* libWeiboSDK.a */ = {isa = PBXFileReference; lastKnownFileType = archive.ar; path = libWeiboSDK.a; sourceTree = "<group>"; };
		55DF2E101C5605AA00261D8A /* WBHttpRequest+WeiboGame.h */ = {isa = PBXFileReference; fileEncoding = 4; lastKnownFileType = sourcecode.c.h; path = "WBHttpRequest+WeiboGame.h"; sourceTree = "<group>"; };
		55DF2E111C5605AA00261D8A /* WBHttpRequest+WeiboShare.h */ = {isa = PBXFileReference; fileEncoding = 4; lastKnownFileType = sourcecode.c.h; path = "WBHttpRequest+WeiboShare.h"; sourceTree = "<group>"; };
		55DF2E121C5605AA00261D8A /* WBHttpRequest+WeiboToken.h */ = {isa = PBXFileReference; fileEncoding = 4; lastKnownFileType = sourcecode.c.h; path = "WBHttpRequest+WeiboToken.h"; sourceTree = "<group>"; };
		55DF2E131C5605AA00261D8A /* WBHttpRequest+WeiboUser.h */ = {isa = PBXFileReference; fileEncoding = 4; lastKnownFileType = sourcecode.c.h; path = "WBHttpRequest+WeiboUser.h"; sourceTree = "<group>"; };
		55DF2E141C5605AA00261D8A /* WBHttpRequest.h */ = {isa = PBXFileReference; fileEncoding = 4; lastKnownFileType = sourcecode.c.h; path = WBHttpRequest.h; sourceTree = "<group>"; };
		55DF2E151C5605AA00261D8A /* WBSDKBasicButton.h */ = {isa = PBXFileReference; fileEncoding = 4; lastKnownFileType = sourcecode.c.h; path = WBSDKBasicButton.h; sourceTree = "<group>"; };
		55DF2E161C5605AA00261D8A /* WBSDKCommentButton.h */ = {isa = PBXFileReference; fileEncoding = 4; lastKnownFileType = sourcecode.c.h; path = WBSDKCommentButton.h; sourceTree = "<group>"; };
		55DF2E171C5605AA00261D8A /* WBSDKRelationshipButton.h */ = {isa = PBXFileReference; fileEncoding = 4; lastKnownFileType = sourcecode.c.h; path = WBSDKRelationshipButton.h; sourceTree = "<group>"; };
		55DF2E181C5605AA00261D8A /* WeiboSDK.bundle */ = {isa = PBXFileReference; lastKnownFileType = "wrapper.plug-in"; path = WeiboSDK.bundle; sourceTree = "<group>"; };
		55DF2E191C5605AA00261D8A /* WeiboSDK.h */ = {isa = PBXFileReference; fileEncoding = 4; lastKnownFileType = sourcecode.c.h; path = WeiboSDK.h; sourceTree = "<group>"; };
		55DF2E1A1C5605AA00261D8A /* WeiboUser.h */ = {isa = PBXFileReference; fileEncoding = 4; lastKnownFileType = sourcecode.c.h; path = WeiboUser.h; sourceTree = "<group>"; };
		55DF2E221C56066400261D8A /* libc++.tbd */ = {isa = PBXFileReference; lastKnownFileType = "sourcecode.text-based-dylib-definition"; name = "libc++.tbd"; path = "usr/lib/libc++.tbd"; sourceTree = SDKROOT; };
		55DF2E241C56067900261D8A /* libz.tbd */ = {isa = PBXFileReference; lastKnownFileType = "sourcecode.text-based-dylib-definition"; name = libz.tbd; path = usr/lib/libz.tbd; sourceTree = SDKROOT; };
		55DF2E261C56072300261D8A /* CoreTelephony.framework */ = {isa = PBXFileReference; lastKnownFileType = wrapper.framework; name = CoreTelephony.framework; path = System/Library/Frameworks/CoreTelephony.framework; sourceTree = SDKROOT; };
		55DF2E281C56073000261D8A /* CoreText.framework */ = {isa = PBXFileReference; lastKnownFileType = wrapper.framework; name = CoreText.framework; path = System/Library/Frameworks/CoreText.framework; sourceTree = SDKROOT; };
		55DF2E2A1C56073F00261D8A /* UIKit.framework */ = {isa = PBXFileReference; lastKnownFileType = wrapper.framework; name = UIKit.framework; path = System/Library/Frameworks/UIKit.framework; sourceTree = SDKROOT; };
		55DF2E2C1C56074D00261D8A /* Foundation.framework */ = {isa = PBXFileReference; lastKnownFileType = wrapper.framework; name = Foundation.framework; path = System/Library/Frameworks/Foundation.framework; sourceTree = SDKROOT; };
		55DF2E2E1C56076D00261D8A /* libsqlite3.0.tbd */ = {isa = PBXFileReference; lastKnownFileType = "sourcecode.text-based-dylib-definition"; name = libsqlite3.0.tbd; path = usr/lib/libsqlite3.0.tbd; sourceTree = SDKROOT; };
		55DF2E301C56078A00261D8A /* libiconv.tbd */ = {isa = PBXFileReference; lastKnownFileType = "sourcecode.text-based-dylib-definition"; name = libiconv.tbd; path = usr/lib/libiconv.tbd; sourceTree = SDKROOT; };
		55DF2E321C5607A400261D8A /* libstdc++.tbd */ = {isa = PBXFileReference; lastKnownFileType = "sourcecode.text-based-dylib-definition"; name = "libstdc++.tbd"; path = "usr/lib/libstdc++.tbd"; sourceTree = SDKROOT; };
		55DF2E3C1C560CEA00261D8A /* NSDictionary+Verified.h */ = {isa = PBXFileReference; fileEncoding = 4; lastKnownFileType = sourcecode.c.h; path = "NSDictionary+Verified.h"; sourceTree = "<group>"; };
		55DF2E3D1C560CEA00261D8A /* NSDictionary+Verified.m */ = {isa = PBXFileReference; fileEncoding = 4; lastKnownFileType = sourcecode.c.objc; path = "NSDictionary+Verified.m"; sourceTree = "<group>"; };
		55DF2E3E1C560CEA00261D8A /* PublicMethods.h */ = {isa = PBXFileReference; fileEncoding = 4; lastKnownFileType = sourcecode.c.h; path = PublicMethods.h; sourceTree = "<group>"; };
		55DF2E3F1C560CEA00261D8A /* PublicMethods.m */ = {isa = PBXFileReference; fileEncoding = 4; lastKnownFileType = sourcecode.c.objc; path = PublicMethods.m; sourceTree = "<group>"; };
		55DF2E411C560CEA00261D8A /* FuFileManager.h */ = {isa = PBXFileReference; fileEncoding = 4; lastKnownFileType = sourcecode.c.h; path = FuFileManager.h; sourceTree = "<group>"; };
		55DF2E421C560CEA00261D8A /* FuFileManager.m */ = {isa = PBXFileReference; fileEncoding = 4; lastKnownFileType = sourcecode.c.objc; path = FuFileManager.m; sourceTree = "<group>"; };
		55DF2E431C560CEA00261D8A /* FuMD5Util.h */ = {isa = PBXFileReference; fileEncoding = 4; lastKnownFileType = sourcecode.c.h; path = FuMD5Util.h; sourceTree = "<group>"; };
		55DF2E441C560CEA00261D8A /* FuMD5Util.mm */ = {isa = PBXFileReference; fileEncoding = 4; lastKnownFileType = sourcecode.cpp.objcpp; path = FuMD5Util.mm; sourceTree = "<group>"; };
		55DF2E451C560CEA00261D8A /* HttpsConnection.h */ = {isa = PBXFileReference; fileEncoding = 4; lastKnownFileType = sourcecode.c.h; path = HttpsConnection.h; sourceTree = "<group>"; };
		55DF2E461C560CEA00261D8A /* HttpsConnection.m */ = {isa = PBXFileReference; fileEncoding = 4; lastKnownFileType = sourcecode.c.objc; path = HttpsConnection.m; sourceTree = "<group>"; };
		55DF2E471C560CEA00261D8A /* NTMsgOperate.h */ = {isa = PBXFileReference; fileEncoding = 4; lastKnownFileType = sourcecode.c.h; path = NTMsgOperate.h; sourceTree = "<group>"; };
		55DF2E481C560CEA00261D8A /* NTMsgOperate.m */ = {isa = PBXFileReference; fileEncoding = 4; lastKnownFileType = sourcecode.c.objc; path = NTMsgOperate.m; sourceTree = "<group>"; };
		55DF2E491C560CEA00261D8A /* UpdateZipViewController.h */ = {isa = PBXFileReference; fileEncoding = 4; lastKnownFileType = sourcecode.c.h; path = UpdateZipViewController.h; sourceTree = "<group>"; };
		55DF2E4A1C560CEA00261D8A /* UpdateZipViewController.m */ = {isa = PBXFileReference; fileEncoding = 4; lastKnownFileType = sourcecode.c.objc; path = UpdateZipViewController.m; sourceTree = "<group>"; };
		5B1594DC16A7569C00FEF299 /* AssetsLibrary.framework */ = {isa = PBXFileReference; lastKnownFileType = wrapper.framework; name = AssetsLibrary.framework; path = System/Library/Frameworks/AssetsLibrary.framework; sourceTree = SDKROOT; };
		5BF9AAD3AEF844BF957BF7F3 /* ImageIO.framework */ = {isa = PBXFileReference; fileEncoding = 4; lastKnownFileType = wrapper.framework; name = ImageIO.framework; path = System/Library/Frameworks/ImageIO.framework; sourceTree = SDKROOT; };
		6FE991E26BAD476093BEAAC3 /* libiconv.dylib */ = {isa = PBXFileReference; fileEncoding = 4; lastKnownFileType = "compiled.mach-o.dylib"; name = libiconv.dylib; path = usr/lib/libiconv.dylib; sourceTree = SDKROOT; };
		74A5CDABB8C34963AE89EE12 /* AVFoundation.framework */ = {isa = PBXFileReference; fileEncoding = 4; lastKnownFileType = wrapper.framework; name = AVFoundation.framework; path = System/Library/Frameworks/AVFoundation.framework; sourceTree = SDKROOT; };
		8D1107310486CEB800E47090 /* appCheck_Ios-Info.plist */ = {isa = PBXFileReference; fileEncoding = 4; lastKnownFileType = text.plist.xml; name = "appCheck_Ios-Info.plist"; path = "../appCheck_Ios-Info.plist"; plistStructureDefinitionIdentifier = "com.apple.xcode.plist.structure-definition.iphone.info-plist"; sourceTree = "<group>"; };
		96D9945A1C3FB2400098E61F /* nt_config.h */ = {isa = PBXFileReference; fileEncoding = 4; lastKnownFileType = sourcecode.c.h; path = nt_config.h; sourceTree = "<group>"; };
		96D9945D1C3FB27B0098E61F /* AFHTTPRequestOperation.h */ = {isa = PBXFileReference; fileEncoding = 4; lastKnownFileType = sourcecode.c.h; path = AFHTTPRequestOperation.h; sourceTree = "<group>"; };
		96D9945E1C3FB27B0098E61F /* AFHTTPRequestOperation.m */ = {isa = PBXFileReference; fileEncoding = 4; lastKnownFileType = sourcecode.c.objc; path = AFHTTPRequestOperation.m; sourceTree = "<group>"; };
		96D9945F1C3FB27B0098E61F /* AFHTTPRequestOperationManager.h */ = {isa = PBXFileReference; fileEncoding = 4; lastKnownFileType = sourcecode.c.h; path = AFHTTPRequestOperationManager.h; sourceTree = "<group>"; };
		96D994601C3FB27B0098E61F /* AFHTTPRequestOperationManager.m */ = {isa = PBXFileReference; fileEncoding = 4; lastKnownFileType = sourcecode.c.objc; path = AFHTTPRequestOperationManager.m; sourceTree = "<group>"; };
		96D994611C3FB27B0098E61F /* AFHTTPSessionManager.h */ = {isa = PBXFileReference; fileEncoding = 4; lastKnownFileType = sourcecode.c.h; path = AFHTTPSessionManager.h; sourceTree = "<group>"; };
		96D994621C3FB27B0098E61F /* AFHTTPSessionManager.m */ = {isa = PBXFileReference; fileEncoding = 4; lastKnownFileType = sourcecode.c.objc; path = AFHTTPSessionManager.m; sourceTree = "<group>"; };
		96D994631C3FB27B0098E61F /* AFNetworking.h */ = {isa = PBXFileReference; fileEncoding = 4; lastKnownFileType = sourcecode.c.h; path = AFNetworking.h; sourceTree = "<group>"; };
		96D994641C3FB27B0098E61F /* AFNetworkReachabilityManager.h */ = {isa = PBXFileReference; fileEncoding = 4; lastKnownFileType = sourcecode.c.h; path = AFNetworkReachabilityManager.h; sourceTree = "<group>"; };
		96D994651C3FB27B0098E61F /* AFNetworkReachabilityManager.m */ = {isa = PBXFileReference; fileEncoding = 4; lastKnownFileType = sourcecode.c.objc; path = AFNetworkReachabilityManager.m; sourceTree = "<group>"; };
		96D994661C3FB27B0098E61F /* AFSecurityPolicy.h */ = {isa = PBXFileReference; fileEncoding = 4; lastKnownFileType = sourcecode.c.h; path = AFSecurityPolicy.h; sourceTree = "<group>"; };
		96D994671C3FB27B0098E61F /* AFSecurityPolicy.m */ = {isa = PBXFileReference; fileEncoding = 4; lastKnownFileType = sourcecode.c.objc; path = AFSecurityPolicy.m; sourceTree = "<group>"; };
		96D994681C3FB27B0098E61F /* AFURLConnectionOperation.h */ = {isa = PBXFileReference; fileEncoding = 4; lastKnownFileType = sourcecode.c.h; path = AFURLConnectionOperation.h; sourceTree = "<group>"; };
		96D994691C3FB27B0098E61F /* AFURLConnectionOperation.m */ = {isa = PBXFileReference; fileEncoding = 4; lastKnownFileType = sourcecode.c.objc; path = AFURLConnectionOperation.m; sourceTree = "<group>"; };
		96D9946A1C3FB27B0098E61F /* AFURLRequestSerialization.h */ = {isa = PBXFileReference; fileEncoding = 4; lastKnownFileType = sourcecode.c.h; path = AFURLRequestSerialization.h; sourceTree = "<group>"; };
		96D9946B1C3FB27B0098E61F /* AFURLRequestSerialization.m */ = {isa = PBXFileReference; fileEncoding = 4; lastKnownFileType = sourcecode.c.objc; path = AFURLRequestSerialization.m; sourceTree = "<group>"; };
		96D9946C1C3FB27B0098E61F /* AFURLResponseSerialization.h */ = {isa = PBXFileReference; fileEncoding = 4; lastKnownFileType = sourcecode.c.h; path = AFURLResponseSerialization.h; sourceTree = "<group>"; };
		96D9946D1C3FB27B0098E61F /* AFURLResponseSerialization.m */ = {isa = PBXFileReference; fileEncoding = 4; lastKnownFileType = sourcecode.c.objc; path = AFURLResponseSerialization.m; sourceTree = "<group>"; };
		96D9946E1C3FB27B0098E61F /* AFURLSessionManager.h */ = {isa = PBXFileReference; fileEncoding = 4; lastKnownFileType = sourcecode.c.h; path = AFURLSessionManager.h; sourceTree = "<group>"; };
		96D9946F1C3FB27B0098E61F /* AFURLSessionManager.m */ = {isa = PBXFileReference; fileEncoding = 4; lastKnownFileType = sourcecode.c.objc; path = AFURLSessionManager.m; sourceTree = "<group>"; };
		96D994711C3FB27B0098E61F /* ASPopUpView.h */ = {isa = PBXFileReference; fileEncoding = 4; lastKnownFileType = sourcecode.c.h; path = ASPopUpView.h; sourceTree = "<group>"; };
		96D994721C3FB27B0098E61F /* ASPopUpView.m */ = {isa = PBXFileReference; fileEncoding = 4; lastKnownFileType = sourcecode.c.objc; path = ASPopUpView.m; sourceTree = "<group>"; };
		96D994731C3FB27B0098E61F /* ASProgressPopUpView.h */ = {isa = PBXFileReference; fileEncoding = 4; lastKnownFileType = sourcecode.c.h; path = ASProgressPopUpView.h; sourceTree = "<group>"; };
		96D994741C3FB27B0098E61F /* ASProgressPopUpView.m */ = {isa = PBXFileReference; fileEncoding = 4; lastKnownFileType = sourcecode.c.objc; path = ASProgressPopUpView.m; sourceTree = "<group>"; };
		96D994761C3FB27B0098E61F /* FMDatabase.h */ = {isa = PBXFileReference; fileEncoding = 4; lastKnownFileType = sourcecode.c.h; path = FMDatabase.h; sourceTree = "<group>"; };
		96D994771C3FB27B0098E61F /* FMDatabase.m */ = {isa = PBXFileReference; fileEncoding = 4; lastKnownFileType = sourcecode.c.objc; path = FMDatabase.m; sourceTree = "<group>"; };
		96D994781C3FB27B0098E61F /* FMDatabaseAdditions.h */ = {isa = PBXFileReference; fileEncoding = 4; lastKnownFileType = sourcecode.c.h; path = FMDatabaseAdditions.h; sourceTree = "<group>"; };
		96D994791C3FB27B0098E61F /* FMDatabaseAdditions.m */ = {isa = PBXFileReference; fileEncoding = 4; lastKnownFileType = sourcecode.c.objc; path = FMDatabaseAdditions.m; sourceTree = "<group>"; };
		96D9947A1C3FB27B0098E61F /* FMDatabasePool.h */ = {isa = PBXFileReference; fileEncoding = 4; lastKnownFileType = sourcecode.c.h; path = FMDatabasePool.h; sourceTree = "<group>"; };
		96D9947B1C3FB27B0098E61F /* FMDatabasePool.m */ = {isa = PBXFileReference; fileEncoding = 4; lastKnownFileType = sourcecode.c.objc; path = FMDatabasePool.m; sourceTree = "<group>"; };
		96D9947C1C3FB27B0098E61F /* FMDatabaseQueue.h */ = {isa = PBXFileReference; fileEncoding = 4; lastKnownFileType = sourcecode.c.h; path = FMDatabaseQueue.h; sourceTree = "<group>"; };
		96D9947D1C3FB27B0098E61F /* FMDatabaseQueue.m */ = {isa = PBXFileReference; fileEncoding = 4; lastKnownFileType = sourcecode.c.objc; path = FMDatabaseQueue.m; sourceTree = "<group>"; };
		96D9947E1C3FB27B0098E61F /* FMDB.h */ = {isa = PBXFileReference; fileEncoding = 4; lastKnownFileType = sourcecode.c.h; path = FMDB.h; sourceTree = "<group>"; };
		96D9947F1C3FB27B0098E61F /* FMResultSet.h */ = {isa = PBXFileReference; fileEncoding = 4; lastKnownFileType = sourcecode.c.h; path = FMResultSet.h; sourceTree = "<group>"; };
		96D994801C3FB27B0098E61F /* FMResultSet.m */ = {isa = PBXFileReference; fileEncoding = 4; lastKnownFileType = sourcecode.c.objc; path = FMResultSet.m; sourceTree = "<group>"; };
		96D994821C3FB27B0098E61F /* KLCPopup.h */ = {isa = PBXFileReference; fileEncoding = 4; lastKnownFileType = sourcecode.c.h; path = KLCPopup.h; sourceTree = "<group>"; };
		96D994831C3FB27B0098E61F /* KLCPopup.m */ = {isa = PBXFileReference; fileEncoding = 4; lastKnownFileType = sourcecode.c.objc; path = KLCPopup.m; sourceTree = "<group>"; };
		96D994851C3FB27B0098E61F /* Info.plist */ = {isa = PBXFileReference; fileEncoding = 4; lastKnownFileType = text.plist.xml; path = Info.plist; sourceTree = "<group>"; };
		96D994861C3FB27B0098E61F /* MASCompositeConstraint.h */ = {isa = PBXFileReference; fileEncoding = 4; lastKnownFileType = sourcecode.c.h; path = MASCompositeConstraint.h; sourceTree = "<group>"; };
		96D994871C3FB27B0098E61F /* MASCompositeConstraint.m */ = {isa = PBXFileReference; fileEncoding = 4; lastKnownFileType = sourcecode.c.objc; path = MASCompositeConstraint.m; sourceTree = "<group>"; };
		96D994881C3FB27B0098E61F /* MASConstraint+Private.h */ = {isa = PBXFileReference; fileEncoding = 4; lastKnownFileType = sourcecode.c.h; path = "MASConstraint+Private.h"; sourceTree = "<group>"; };
		96D994891C3FB27B0098E61F /* MASConstraint.h */ = {isa = PBXFileReference; fileEncoding = 4; lastKnownFileType = sourcecode.c.h; path = MASConstraint.h; sourceTree = "<group>"; };
		96D9948A1C3FB27B0098E61F /* MASConstraint.m */ = {isa = PBXFileReference; fileEncoding = 4; lastKnownFileType = sourcecode.c.objc; path = MASConstraint.m; sourceTree = "<group>"; };
		96D9948B1C3FB27B0098E61F /* MASConstraintMaker.h */ = {isa = PBXFileReference; fileEncoding = 4; lastKnownFileType = sourcecode.c.h; path = MASConstraintMaker.h; sourceTree = "<group>"; };
		96D9948C1C3FB27B0098E61F /* MASConstraintMaker.m */ = {isa = PBXFileReference; fileEncoding = 4; lastKnownFileType = sourcecode.c.objc; path = MASConstraintMaker.m; sourceTree = "<group>"; };
		96D9948D1C3FB27B0098E61F /* MASLayoutConstraint.h */ = {isa = PBXFileReference; fileEncoding = 4; lastKnownFileType = sourcecode.c.h; path = MASLayoutConstraint.h; sourceTree = "<group>"; };
		96D9948E1C3FB27B0098E61F /* MASLayoutConstraint.m */ = {isa = PBXFileReference; fileEncoding = 4; lastKnownFileType = sourcecode.c.objc; path = MASLayoutConstraint.m; sourceTree = "<group>"; };
		96D9948F1C3FB27B0098E61F /* Masonry.h */ = {isa = PBXFileReference; fileEncoding = 4; lastKnownFileType = sourcecode.c.h; path = Masonry.h; sourceTree = "<group>"; };
		96D994901C3FB27B0098E61F /* MASUtilities.h */ = {isa = PBXFileReference; fileEncoding = 4; lastKnownFileType = sourcecode.c.h; path = MASUtilities.h; sourceTree = "<group>"; };
		96D994911C3FB27B0098E61F /* MASViewAttribute.h */ = {isa = PBXFileReference; fileEncoding = 4; lastKnownFileType = sourcecode.c.h; path = MASViewAttribute.h; sourceTree = "<group>"; };
		96D994921C3FB27B0098E61F /* MASViewAttribute.m */ = {isa = PBXFileReference; fileEncoding = 4; lastKnownFileType = sourcecode.c.objc; path = MASViewAttribute.m; sourceTree = "<group>"; };
		96D994931C3FB27B0098E61F /* MASViewConstraint.h */ = {isa = PBXFileReference; fileEncoding = 4; lastKnownFileType = sourcecode.c.h; path = MASViewConstraint.h; sourceTree = "<group>"; };
		96D994941C3FB27B0098E61F /* MASViewConstraint.m */ = {isa = PBXFileReference; fileEncoding = 4; lastKnownFileType = sourcecode.c.objc; path = MASViewConstraint.m; sourceTree = "<group>"; };
		96D994951C3FB27B0098E61F /* NSArray+MASAdditions.h */ = {isa = PBXFileReference; fileEncoding = 4; lastKnownFileType = sourcecode.c.h; path = "NSArray+MASAdditions.h"; sourceTree = "<group>"; };
		96D994961C3FB27B0098E61F /* NSArray+MASAdditions.m */ = {isa = PBXFileReference; fileEncoding = 4; lastKnownFileType = sourcecode.c.objc; path = "NSArray+MASAdditions.m"; sourceTree = "<group>"; };
		96D994971C3FB27B0098E61F /* NSArray+MASShorthandAdditions.h */ = {isa = PBXFileReference; fileEncoding = 4; lastKnownFileType = sourcecode.c.h; path = "NSArray+MASShorthandAdditions.h"; sourceTree = "<group>"; };
		96D994981C3FB27B0098E61F /* NSLayoutConstraint+MASDebugAdditions.h */ = {isa = PBXFileReference; fileEncoding = 4; lastKnownFileType = sourcecode.c.h; path = "NSLayoutConstraint+MASDebugAdditions.h"; sourceTree = "<group>"; };
		96D994991C3FB27B0098E61F /* NSLayoutConstraint+MASDebugAdditions.m */ = {isa = PBXFileReference; fileEncoding = 4; lastKnownFileType = sourcecode.c.objc; path = "NSLayoutConstraint+MASDebugAdditions.m"; sourceTree = "<group>"; };
		96D9949A1C3FB27B0098E61F /* View+MASAdditions.h */ = {isa = PBXFileReference; fileEncoding = 4; lastKnownFileType = sourcecode.c.h; path = "View+MASAdditions.h"; sourceTree = "<group>"; };
		96D9949B1C3FB27B0098E61F /* View+MASAdditions.m */ = {isa = PBXFileReference; fileEncoding = 4; lastKnownFileType = sourcecode.c.objc; path = "View+MASAdditions.m"; sourceTree = "<group>"; };
		96D9949C1C3FB27B0098E61F /* View+MASShorthandAdditions.h */ = {isa = PBXFileReference; fileEncoding = 4; lastKnownFileType = sourcecode.c.h; path = "View+MASShorthandAdditions.h"; sourceTree = "<group>"; };
		96D9949D1C3FB27B0098E61F /* ViewController+MASAdditions.h */ = {isa = PBXFileReference; fileEncoding = 4; lastKnownFileType = sourcecode.c.h; path = "ViewController+MASAdditions.h"; sourceTree = "<group>"; };
		96D9949E1C3FB27B0098E61F /* ViewController+MASAdditions.m */ = {isa = PBXFileReference; fileEncoding = 4; lastKnownFileType = sourcecode.c.objc; path = "ViewController+MASAdditions.m"; sourceTree = "<group>"; };
		96D994A01C3FB27B0098E61F /* MBProgressHUD.h */ = {isa = PBXFileReference; fileEncoding = 4; lastKnownFileType = sourcecode.c.h; path = MBProgressHUD.h; sourceTree = "<group>"; };
		96D994A11C3FB27B0098E61F /* MBProgressHUD.m */ = {isa = PBXFileReference; fileEncoding = 4; lastKnownFileType = sourcecode.c.objc; path = MBProgressHUD.m; sourceTree = "<group>"; };
		96D994A31C3FB27B0098E61F /* RIButtonItem.h */ = {isa = PBXFileReference; fileEncoding = 4; lastKnownFileType = sourcecode.c.h; path = RIButtonItem.h; sourceTree = "<group>"; };
		96D994A41C3FB27B0098E61F /* RIButtonItem.m */ = {isa = PBXFileReference; fileEncoding = 4; lastKnownFileType = sourcecode.c.objc; path = RIButtonItem.m; sourceTree = "<group>"; };
		96D994A51C3FB27B0098E61F /* UIActionSheet+Blocks.h */ = {isa = PBXFileReference; fileEncoding = 4; lastKnownFileType = sourcecode.c.h; path = "UIActionSheet+Blocks.h"; sourceTree = "<group>"; };
		96D994A61C3FB27B0098E61F /* UIActionSheet+Blocks.m */ = {isa = PBXFileReference; fileEncoding = 4; lastKnownFileType = sourcecode.c.objc; path = "UIActionSheet+Blocks.m"; sourceTree = "<group>"; };
		96D994A71C3FB27B0098E61F /* UIAlertView+Blocks.h */ = {isa = PBXFileReference; fileEncoding = 4; lastKnownFileType = sourcecode.c.h; path = "UIAlertView+Blocks.h"; sourceTree = "<group>"; };
		96D994A81C3FB27B0098E61F /* UIAlertView+Blocks.m */ = {isa = PBXFileReference; fileEncoding = 4; lastKnownFileType = sourcecode.c.objc; path = "UIAlertView+Blocks.m"; sourceTree = "<group>"; };
		96D994B41C3FB27B0098E61F /* ZipArchive.h */ = {isa = PBXFileReference; fileEncoding = 4; lastKnownFileType = sourcecode.c.h; path = ZipArchive.h; sourceTree = "<group>"; };
		96D994B51C3FB27B0098E61F /* ZipArchive.mm */ = {isa = PBXFileReference; fileEncoding = 4; lastKnownFileType = sourcecode.cpp.objcpp; path = ZipArchive.mm; sourceTree = "<group>"; };
		96D994F31C3FB2F30098E61F /* CFNetwork.framework */ = {isa = PBXFileReference; lastKnownFileType = wrapper.framework; name = CFNetwork.framework; path = System/Library/Frameworks/CFNetwork.framework; sourceTree = SDKROOT; };
		96D994F51C3FB2F90098E61F /* Security.framework */ = {isa = PBXFileReference; lastKnownFileType = wrapper.framework; name = Security.framework; path = System/Library/Frameworks/Security.framework; sourceTree = SDKROOT; };
		96D994F71C3FB3120098E61F /* libsqlite3.tbd */ = {isa = PBXFileReference; lastKnownFileType = "sourcecode.text-based-dylib-definition"; name = libsqlite3.tbd; path = usr/lib/libsqlite3.tbd; sourceTree = SDKROOT; };
		96D994F91C3FB3240098E61F /* libz.1.2.5.tbd */ = {isa = PBXFileReference; lastKnownFileType = "sourcecode.text-based-dylib-definition"; name = libz.1.2.5.tbd; path = usr/lib/libz.1.2.5.tbd; sourceTree = SDKROOT; };
		96D995001C433F180098E61F /* Images.xcassets */ = {isa = PBXFileReference; lastKnownFileType = folder.assetcatalog; name = Images.xcassets; path = appCheck_Ios/Images.xcassets; sourceTree = SOURCE_ROOT; };
		96D995051C4352C00098E61F /* aes.h */ = {isa = PBXFileReference; fileEncoding = 4; lastKnownFileType = sourcecode.c.h; path = aes.h; sourceTree = "<group>"; };
		96D995061C4352C00098E61F /* aes_via_ace.h */ = {isa = PBXFileReference; fileEncoding = 4; lastKnownFileType = sourcecode.c.h; path = aes_via_ace.h; sourceTree = "<group>"; };
		96D995071C4352C00098E61F /* aescrypt.c */ = {isa = PBXFileReference; fileEncoding = 4; lastKnownFileType = sourcecode.c.c; path = aescrypt.c; sourceTree = "<group>"; };
		96D995081C4352C00098E61F /* aeskey.c */ = {isa = PBXFileReference; fileEncoding = 4; lastKnownFileType = sourcecode.c.c; path = aeskey.c; sourceTree = "<group>"; };
		96D995091C4352C00098E61F /* aesopt.h */ = {isa = PBXFileReference; fileEncoding = 4; lastKnownFileType = sourcecode.c.h; path = aesopt.h; sourceTree = "<group>"; };
		96D9950A1C4352C00098E61F /* aestab.c */ = {isa = PBXFileReference; fileEncoding = 4; lastKnownFileType = sourcecode.c.c; path = aestab.c; sourceTree = "<group>"; };
		96D9950B1C4352C00098E61F /* aestab.h */ = {isa = PBXFileReference; fileEncoding = 4; lastKnownFileType = sourcecode.c.h; path = aestab.h; sourceTree = "<group>"; };
		96D9950C1C4352C00098E61F /* brg_endian.h */ = {isa = PBXFileReference; fileEncoding = 4; lastKnownFileType = sourcecode.c.h; path = brg_endian.h; sourceTree = "<group>"; };
		96D9950D1C4352C00098E61F /* brg_types.h */ = {isa = PBXFileReference; fileEncoding = 4; lastKnownFileType = sourcecode.c.h; path = brg_types.h; sourceTree = "<group>"; };
		96D9950E1C4352C00098E61F /* entropy.c */ = {isa = PBXFileReference; fileEncoding = 4; lastKnownFileType = sourcecode.c.c; path = entropy.c; sourceTree = "<group>"; };
		96D9950F1C4352C00098E61F /* entropy.h */ = {isa = PBXFileReference; fileEncoding = 4; lastKnownFileType = sourcecode.c.h; path = entropy.h; sourceTree = "<group>"; };
		96D995101C4352C00098E61F /* fileenc.c */ = {isa = PBXFileReference; fileEncoding = 4; lastKnownFileType = sourcecode.c.c; path = fileenc.c; sourceTree = "<group>"; };
		96D995111C4352C00098E61F /* fileenc.h */ = {isa = PBXFileReference; fileEncoding = 4; lastKnownFileType = sourcecode.c.h; path = fileenc.h; sourceTree = "<group>"; };
		96D995121C4352C00098E61F /* hmac.c */ = {isa = PBXFileReference; fileEncoding = 4; lastKnownFileType = sourcecode.c.c; path = hmac.c; sourceTree = "<group>"; };
		96D995131C4352C00098E61F /* hmac.h */ = {isa = PBXFileReference; fileEncoding = 4; lastKnownFileType = sourcecode.c.h; path = hmac.h; sourceTree = "<group>"; };
		96D995141C4352C00098E61F /* prng.c */ = {isa = PBXFileReference; fileEncoding = 4; lastKnownFileType = sourcecode.c.c; path = prng.c; sourceTree = "<group>"; };
		96D995151C4352C00098E61F /* prng.h */ = {isa = PBXFileReference; fileEncoding = 4; lastKnownFileType = sourcecode.c.h; path = prng.h; sourceTree = "<group>"; };
		96D995161C4352C00098E61F /* pwd2key.c */ = {isa = PBXFileReference; fileEncoding = 4; lastKnownFileType = sourcecode.c.c; path = pwd2key.c; sourceTree = "<group>"; };
		96D995171C4352C00098E61F /* pwd2key.h */ = {isa = PBXFileReference; fileEncoding = 4; lastKnownFileType = sourcecode.c.h; path = pwd2key.h; sourceTree = "<group>"; };
		96D995181C4352C00098E61F /* sha1.c */ = {isa = PBXFileReference; fileEncoding = 4; lastKnownFileType = sourcecode.c.c; path = sha1.c; sourceTree = "<group>"; };
		96D995191C4352C00098E61F /* sha1.h */ = {isa = PBXFileReference; fileEncoding = 4; lastKnownFileType = sourcecode.c.h; path = sha1.h; sourceTree = "<group>"; };
		96D9951A1C4352C00098E61F /* Common.h */ = {isa = PBXFileReference; fileEncoding = 4; lastKnownFileType = sourcecode.c.h; path = Common.h; sourceTree = "<group>"; };
		96D9951B1C4352C00098E61F /* SSZipArchive.h */ = {isa = PBXFileReference; fileEncoding = 4; lastKnownFileType = sourcecode.c.h; path = SSZipArchive.h; sourceTree = "<group>"; };
		96D9951C1C4352C00098E61F /* SSZipArchive.m */ = {isa = PBXFileReference; fileEncoding = 4; lastKnownFileType = sourcecode.c.objc; path = SSZipArchive.m; sourceTree = "<group>"; };
		96D995281C43534F0098E61F /* crypt.h */ = {isa = PBXFileReference; fileEncoding = 4; lastKnownFileType = sourcecode.c.h; path = crypt.h; sourceTree = "<group>"; };
		96D995291C43534F0098E61F /* ioapi.c */ = {isa = PBXFileReference; fileEncoding = 4; lastKnownFileType = sourcecode.c.c; path = ioapi.c; sourceTree = "<group>"; };
		96D9952A1C43534F0098E61F /* ioapi.h */ = {isa = PBXFileReference; fileEncoding = 4; lastKnownFileType = sourcecode.c.h; path = ioapi.h; sourceTree = "<group>"; };
		96D9952B1C43534F0098E61F /* mztools.c */ = {isa = PBXFileReference; fileEncoding = 4; lastKnownFileType = sourcecode.c.c; path = mztools.c; sourceTree = "<group>"; };
		96D9952C1C43534F0098E61F /* mztools.h */ = {isa = PBXFileReference; fileEncoding = 4; lastKnownFileType = sourcecode.c.h; path = mztools.h; sourceTree = "<group>"; };
		96D9952D1C43534F0098E61F /* unzip.c */ = {isa = PBXFileReference; fileEncoding = 4; lastKnownFileType = sourcecode.c.c; path = unzip.c; sourceTree = "<group>"; };
		96D9952E1C43534F0098E61F /* unzip.h */ = {isa = PBXFileReference; fileEncoding = 4; lastKnownFileType = sourcecode.c.h; path = unzip.h; sourceTree = "<group>"; };
		96D9952F1C43534F0098E61F /* zip.c */ = {isa = PBXFileReference; fileEncoding = 4; lastKnownFileType = sourcecode.c.c; path = zip.c; sourceTree = "<group>"; };
		96D995301C43534F0098E61F /* zip.h */ = {isa = PBXFileReference; fileEncoding = 4; lastKnownFileType = sourcecode.c.h; path = zip.h; sourceTree = "<group>"; };
		96EC79EF1BB914280027AA50 /* MapKit.framework */ = {isa = PBXFileReference; lastKnownFileType = wrapper.framework; name = MapKit.framework; path = System/Library/Frameworks/MapKit.framework; sourceTree = SDKROOT; };
		EB27BD3E33B946A78A09470C /* CoreLocation.framework */ = {isa = PBXFileReference; fileEncoding = 4; lastKnownFileType = wrapper.framework; name = CoreLocation.framework; path = System/Library/Frameworks/CoreLocation.framework; sourceTree = SDKROOT; };
		EB87FDF21871DA7A0020F90C /* merges */ = {isa = PBXFileReference; lastKnownFileType = folder; name = merges; path = ../../merges; sourceTree = "<group>"; };
		EB87FDF31871DA8E0020F90C /* www */ = {isa = PBXFileReference; lastKnownFileType = folder; name = www; path = ../../www; sourceTree = "<group>"; };
		EB87FDF41871DAF40020F90C /* config.xml */ = {isa = PBXFileReference; lastKnownFileType = text.xml; name = config.xml; path = ../../config.xml; sourceTree = "<group>"; };
		F840E1F0165FE0F500CFE078 /* config.xml */ = {isa = PBXFileReference; lastKnownFileType = text.xml; name = config.xml; path = appCheck_Ios/config.xml; sourceTree = "<group>"; };
/* End PBXFileReference section */

/* Begin PBXFrameworksBuildPhase section */
		1D60588F0D05DD3D006BFB54 /* Frameworks */ = {
			isa = PBXFrameworksBuildPhase;
			buildActionMask = 2147483647;
			files = (
5535130B1C570DE70046DC7C /* NTCameraPlugin.framework in Frameworks */,
				554925F81C58BCFF0026530B /* AddressBook.framework in Frameworks */,
				55DF2E251C56067900261D8A /* libz.tbd in Frameworks */,
				55DF2E331C5607A400261D8A /* libstdc++.tbd in Frameworks */,
				55DF2E311C56078A00261D8A /* libiconv.tbd in Frameworks */,
				55DF2E231C56066400261D8A /* libc++.tbd in Frameworks */,
				55DF2E2F1C56076D00261D8A /* libsqlite3.0.tbd in Frameworks */,
				96D994F81C3FB3120098E61F /* libsqlite3.tbd in Frameworks */,
				553513211C570E930046DC7C /* NTCallBrowserPlugin.framework in Frameworks */,
				553513111C570E130046DC7C /* NTUIControl.framework in Frameworks */,
				288765FD0DF74451002DB57D /* CoreGraphics.framework in Frameworks */,
				5535130D1C570DF80046DC7C /* NTDataDictionary.framework in Frameworks */,
				55DF2E2D1C56074D00261D8A /* Foundation.framework in Frameworks */,
				553513191C570E500046DC7C /* NTSecretPlugin.framework in Frameworks */,
				55DF2E2B1C56073F00261D8A /* UIKit.framework in Frameworks */,
				55DF2E291C56073000261D8A /* CoreText.framework in Frameworks */,
				55DF2E271C56072300261D8A /* CoreTelephony.framework in Frameworks */,
				5535131F1C570E850046DC7C /* NTCachePlugin.framework in Frameworks */,
				96D994F61C3FB2F90098E61F /* Security.framework in Frameworks */,
				D2CAF742EEA04620AE65DFC7 /* SystemConfiguration.framework in Frameworks */,
				FF68001B193C49488074EAE5 /* ImageIO.framework in Frameworks */,
				16DB4BBF5E0145AD88E5D102 /* QuartzCore.framework in Frameworks */,
				55DF2E1F1C5605AA00261D8A /* libWeiboSDK.a in Frameworks */,
				96D994FA1C3FB3240098E61F /* libz.1.2.5.tbd in Frameworks */,
				556311EA1C8029FB00705A4E /* NTLocationPlugin.framework in Frameworks */,
				55DF2E1B1C5605AA00261D8A /* TencentOpenAPI.framework in Frameworks */,
				96D994F41C3FB2F30098E61F /* CFNetwork.framework in Frameworks */,
				96EC79F01BB914280027AA50 /* MapKit.framework in Frameworks */,
				553513131C570E1E0046DC7C /* NTUpdatePlugin.framework in Frameworks */,
				5B1594DD16A7569C00FEF299 /* AssetsLibrary.framework in Frameworks */,
				301BF552109A68D80062928A /* libCordova.a in Frameworks */,
				55DF2E1D1C5605AA00261D8A /* libWeChatSDK.a in Frameworks */,
				305D5FD1115AB8F900A74A75 /* MobileCoreServices.framework in Frameworks */,
				79F3038F352B4FDDB0B886A1 /* libiconv.dylib in Frameworks */,
				8392C8658337413EB7C11BC1 /* AVFoundation.framework in Frameworks */,
				97C8107D28964689B6AAE5FF /* CoreVideo.framework in Frameworks */,
				F55439F87FCB4732B8DD04BA /* CoreLocation.framework in Frameworks */,
				4472F8B4AA4643C99CBE92E5 /* AudioToolbox.framework in Frameworks */,
			);
			runOnlyForDeploymentPostprocessing = 0;
		};
/* End PBXFrameworksBuildPhase section */

/* Begin PBXGroup section */
		080E96DDFE201D6D7F000001 /* Classes */ = {
			isa = PBXGroup;
			children = (
				55DF2E041C5605AA00261D8A /* lib */,
				96D9945B1C3FB27B0098E61F /* OtherClasslib */,
				55DF2E3B1C560CEA00261D8A /* Public */,
				55DF2E401C560CEA00261D8A /* UpdateZipViewController */,
				302D95EE14D2391D003F00A1 /* MainViewController.h */,
				302D95EF14D2391D003F00A1 /* MainViewController.m */,
				302D95F014D2391D003F00A1 /* MainViewController.xib */,
				1D3623240D0F684500981E51 /* AppDelegate.h */,
				1D3623250D0F684500981E51 /* AppDelegate.m */,
			);
			name = Classes;
			path = appCheck_Ios/Classes;
			sourceTree = SOURCE_ROOT;
		};
		19C28FACFE9D520D11CA2CBB /* Products */ = {
			isa = PBXGroup;
			children = (
				1D6058910D05DD3D006BFB54 /* appCheck_Ios.app */,
			);
			name = Products;
			sourceTree = "<group>";
		};
		254C0FD11A58ED58007F74AF /* org.apache.cordova.camera */ = {
			isa = PBXGroup;
			children = (
				254C0FD21A58ED58007F74AF /* CDVCamera.h */,
				254C0FD31A58ED58007F74AF /* CDVCamera.m */,
				254C0FD41A58ED58007F74AF /* CDVExif.h */,
				254C0FD51A58ED58007F74AF /* CDVJpegHeaderWriter.h */,
				254C0FD61A58ED58007F74AF /* CDVJpegHeaderWriter.m */,
			);
			path = org.apache.cordova.camera;
			sourceTree = "<group>";
		};
		254C0FD71A58ED58007F74AF /* org.apache.cordova.console */ = {
			isa = PBXGroup;
			children = (
				254C0FD81A58ED58007F74AF /* CDVLogger.h */,
				254C0FD91A58ED58007F74AF /* CDVLogger.m */,
			);
			path = org.apache.cordova.console;
			sourceTree = "<group>";
		};
		254C0FDA1A58ED58007F74AF /* org.apache.cordova.device */ = {
			isa = PBXGroup;
			children = (
				254C0FDB1A58ED58007F74AF /* CDVDevice.h */,
				254C0FDC1A58ED58007F74AF /* CDVDevice.m */,
			);
			path = org.apache.cordova.device;
			sourceTree = "<group>";
		};
		254C0FDD1A58ED58007F74AF /* org.apache.cordova.dialogs */ = {
			isa = PBXGroup;
			children = (
				254C0FDE1A58ED58007F74AF /* CDVNotification.h */,
				254C0FDF1A58ED58007F74AF /* CDVNotification.m */,
			);
			path = org.apache.cordova.dialogs;
			sourceTree = "<group>";
		};
		254C0FE01A58ED58007F74AF /* org.apache.cordova.file */ = {
			isa = PBXGroup;
			children = (
				254C0FE11A58ED58007F74AF /* CDVAssetLibraryFilesystem.h */,
				254C0FE21A58ED58007F74AF /* CDVAssetLibraryFilesystem.m */,
				254C0FE31A58ED58007F74AF /* CDVFile.h */,
				254C0FE41A58ED58007F74AF /* CDVFile.m */,
				254C0FE51A58ED58007F74AF /* CDVLocalFilesystem.h */,
				254C0FE61A58ED58007F74AF /* CDVLocalFilesystem.m */,
			);
			path = org.apache.cordova.file;
			sourceTree = "<group>";
		};
		254C0FE71A58ED58007F74AF /* org.apache.cordova.file-transfer */ = {
			isa = PBXGroup;
			children = (
				254C0FE81A58ED58007F74AF /* CDVFileTransfer.h */,
				254C0FE91A58ED58007F74AF /* CDVFileTransfer.m */,
			);
			path = "org.apache.cordova.file-transfer";
			sourceTree = "<group>";
		};
		254C0FEA1A58ED58007F74AF /* org.apache.cordova.geolocation */ = {
			isa = PBXGroup;
			children = (
				254C0FEB1A58ED58007F74AF /* CDVLocation.h */,
				254C0FEC1A58ED58007F74AF /* CDVLocation.m */,
			);
			path = org.apache.cordova.geolocation;
			sourceTree = "<group>";
		};
		254C0FED1A58ED58007F74AF /* org.apache.cordova.globalization */ = {
			isa = PBXGroup;
			children = (
				254C0FEE1A58ED58007F74AF /* CDVGlobalization.h */,
				254C0FEF1A58ED58007F74AF /* CDVGlobalization.m */,
			);
			path = org.apache.cordova.globalization;
			sourceTree = "<group>";
		};
		254C0FF01A58ED58007F74AF /* org.apache.cordova.inappbrowser */ = {
			isa = PBXGroup;
			children = (
				254C0FF11A58ED58007F74AF /* CDVInAppBrowser.h */,
				254C0FF21A58ED58007F74AF /* CDVInAppBrowser.m */,
			);
			path = org.apache.cordova.inappbrowser;
			sourceTree = "<group>";
		};
		254C0FF61A58ED58007F74AF /* org.apache.cordova.network-information */ = {
			isa = PBXGroup;
			children = (
				254C0FF71A58ED58007F74AF /* CDVConnection.h */,
				254C0FF81A58ED58007F74AF /* CDVConnection.m */,
				254C0FF91A58ED58007F74AF /* CDVReachability.h */,
				254C0FFA1A58ED58007F74AF /* CDVReachability.m */,
			);
			path = "org.apache.cordova.network-information";
			sourceTree = "<group>";
		};
		29B97314FDCFA39411CA2CEA /* CustomTemplate */ = {
			isa = PBXGroup;
			children = (
				EB87FDF41871DAF40020F90C /* config.xml */,
				EB87FDF31871DA8E0020F90C /* www */,
				EB87FDF21871DA7A0020F90C /* merges */,
				EB87FDF11871DA420020F90C /* Staging */,
				301BF52D109A57CC0062928A /* CordovaLib.xcodeproj */,
				080E96DDFE201D6D7F000001 /* Classes */,
				307C750510C5A3420062BCA9 /* Plugins */,
				29B97315FDCFA39411CA2CEA /* Other Sources */,
				29B97317FDCFA39411CA2CEA /* Resources */,
				29B97323FDCFA39411CA2CEA /* Frameworks */,
				19C28FACFE9D520D11CA2CBB /* Products */,
			);
			name = CustomTemplate;
			sourceTree = "<group>";
		};
		29B97315FDCFA39411CA2CEA /* Other Sources */ = {
			isa = PBXGroup;
			children = (
				32CA4F630368D1EE00C91783 /* appCheck_Ios-Prefix.pch */,
				29B97316FDCFA39411CA2CEA /* main.m */,
			);
			name = "Other Sources";
			path = appCheck_Ios;
			sourceTree = "<group>";
		};
		29B97317FDCFA39411CA2CEA /* Resources */ = {
			isa = PBXGroup;
			children = (
				96D995001C433F180098E61F /* Images.xcassets */,
				96D9945A1C3FB2400098E61F /* nt_config.h */,
				8D1107310486CEB800E47090 /* appCheck_Ios-Info.plist */,
			);
			name = Resources;
			path = appCheck_Ios/Resources;
			sourceTree = "<group>";
		};
		29B97323FDCFA39411CA2CEA /* Frameworks */ = {
			isa = PBXGroup;
			children = (
				554925F71C58BCFF0026530B /* AddressBook.framework */,
				55DF2E321C5607A400261D8A /* libstdc++.tbd */,
				55DF2E301C56078A00261D8A /* libiconv.tbd */,
				55DF2E2E1C56076D00261D8A /* libsqlite3.0.tbd */,
				55DF2E2C1C56074D00261D8A /* Foundation.framework */,
				55DF2E2A1C56073F00261D8A /* UIKit.framework */,
				55DF2E281C56073000261D8A /* CoreText.framework */,
				55DF2E261C56072300261D8A /* CoreTelephony.framework */,
				55DF2E241C56067900261D8A /* libz.tbd */,
				55DF2E221C56066400261D8A /* libc++.tbd */,
				96D994F91C3FB3240098E61F /* libz.1.2.5.tbd */,
				96D994F71C3FB3120098E61F /* libsqlite3.tbd */,
				96D994F51C3FB2F90098E61F /* Security.framework */,
				96D994F31C3FB2F30098E61F /* CFNetwork.framework */,
				96EC79EF1BB914280027AA50 /* MapKit.framework */,
				5B1594DC16A7569C00FEF299 /* AssetsLibrary.framework */,
				288765FC0DF74451002DB57D /* CoreGraphics.framework */,
				305D5FD0115AB8F900A74A75 /* MobileCoreServices.framework */,
				6FE991E26BAD476093BEAAC3 /* libiconv.dylib */,
				74A5CDABB8C34963AE89EE12 /* AVFoundation.framework */,
				55CC70CE4ECC46EB86937186 /* CoreVideo.framework */,
				54A0AE112188420A824509AF /* QuartzCore.framework */,
				5BF9AAD3AEF844BF957BF7F3 /* ImageIO.framework */,
				EB27BD3E33B946A78A09470C /* CoreLocation.framework */,
				2751E8CBFB2D4E6692C51924 /* AudioToolbox.framework */,
				18284FFAD4D049708BB90B16 /* SystemConfiguration.framework */,
			);
			name = Frameworks;
			sourceTree = "<group>";
		};
		301BF52E109A57CC0062928A /* Products */ = {
			isa = PBXGroup;
			children = (
				301BF535109A57CC0062928A /* libCordova.a */,
			);
			name = Products;
			sourceTree = "<group>";
		};
		307C750510C5A3420062BCA9 /* Plugins */ = {
			isa = PBXGroup;
			children = (
5535130A1C570DE70046DC7C /* NTCameraPlugin.framework */,
553513081C570DDF0046DC7C /* NTCamera.bundle */,
				556311E91C8029FB00705A4E /* NTLocationPlugin.framework */,
				553513201C570E930046DC7C /* NTCallBrowserPlugin.framework */,
				5535131E1C570E850046DC7C /* NTCachePlugin.framework */,
				553513181C570E500046DC7C /* NTSecretPlugin.framework */,
				553513121C570E1E0046DC7C /* NTUpdatePlugin.framework */,
				553513101C570E130046DC7C /* NTUIControl.framework */,
				5535130C1C570DF80046DC7C /* NTDataDictionary.framework */,
				254C0FD11A58ED58007F74AF /* org.apache.cordova.camera */,
				254C0FD71A58ED58007F74AF /* org.apache.cordova.console */,
				254C0FDA1A58ED58007F74AF /* org.apache.cordova.device */,
				254C0FDD1A58ED58007F74AF /* org.apache.cordova.dialogs */,
				254C0FE01A58ED58007F74AF /* org.apache.cordova.file */,
				254C0FE71A58ED58007F74AF /* org.apache.cordova.file-transfer */,
				254C0FEA1A58ED58007F74AF /* org.apache.cordova.geolocation */,
				254C0FED1A58ED58007F74AF /* org.apache.cordova.globalization */,
				254C0FF01A58ED58007F74AF /* org.apache.cordova.inappbrowser */,
				254C0FF61A58ED58007F74AF /* org.apache.cordova.network-information */,
			);
			name = Plugins;
			path = appCheck_Ios/Plugins;
			sourceTree = SOURCE_ROOT;
		};
		556311ED1C802C7E00705A4E /* UICKeyChainStore */ = {
			isa = PBXGroup;
			children = (
				556311EE1C802C7E00705A4E /* UICKeyChainStore.h */,
				556311EF1C802C7E00705A4E /* UICKeyChainStore.m */,
			);
			path = UICKeyChainStore;
			sourceTree = "<group>";
		};
		55DF2E041C5605AA00261D8A /* lib */ = {
			isa = PBXGroup;
			children = (
				55DF2E051C5605AA00261D8A /* qq */,
				55DF2E081C5605AA00261D8A /* wechat */,
				55DF2E0E1C5605AA00261D8A /* weibo */,
			);
			path = lib;
			sourceTree = "<group>";
		};
		55DF2E051C5605AA00261D8A /* qq */ = {
			isa = PBXGroup;
			children = (
				55DF2E061C5605AA00261D8A /* TencentOpenAPI.framework */,
				55DF2E071C5605AA00261D8A /* TencentOpenApi_IOS_Bundle.bundle */,
			);
			path = qq;
			sourceTree = "<group>";
		};
		55DF2E081C5605AA00261D8A /* wechat */ = {
			isa = PBXGroup;
			children = (
				55DF2E091C5605AA00261D8A /* libWeChatSDK.a */,
				55DF2E0A1C5605AA00261D8A /* read_me.txt */,
				55DF2E0B1C5605AA00261D8A /* WechatAuthSDK.h */,
				55DF2E0C1C5605AA00261D8A /* WXApi.h */,
				55DF2E0D1C5605AA00261D8A /* WXApiObject.h */,
			);
			path = wechat;
			sourceTree = "<group>";
		};
		55DF2E0E1C5605AA00261D8A /* weibo */ = {
			isa = PBXGroup;
			children = (
				55DF2E0F1C5605AA00261D8A /* libWeiboSDK.a */,
				55DF2E101C5605AA00261D8A /* WBHttpRequest+WeiboGame.h */,
				55DF2E111C5605AA00261D8A /* WBHttpRequest+WeiboShare.h */,
				55DF2E121C5605AA00261D8A /* WBHttpRequest+WeiboToken.h */,
				55DF2E131C5605AA00261D8A /* WBHttpRequest+WeiboUser.h */,
				55DF2E141C5605AA00261D8A /* WBHttpRequest.h */,
				55DF2E151C5605AA00261D8A /* WBSDKBasicButton.h */,
				55DF2E161C5605AA00261D8A /* WBSDKCommentButton.h */,
				55DF2E171C5605AA00261D8A /* WBSDKRelationshipButton.h */,
				55DF2E181C5605AA00261D8A /* WeiboSDK.bundle */,
				55DF2E191C5605AA00261D8A /* WeiboSDK.h */,
				55DF2E1A1C5605AA00261D8A /* WeiboUser.h */,
			);
			path = weibo;
			sourceTree = "<group>";
		};
		55DF2E3B1C560CEA00261D8A /* Public */ = {
			isa = PBXGroup;
			children = (
				55DF2E3C1C560CEA00261D8A /* NSDictionary+Verified.h */,
				55DF2E3D1C560CEA00261D8A /* NSDictionary+Verified.m */,
				55DF2E3E1C560CEA00261D8A /* PublicMethods.h */,
				55DF2E3F1C560CEA00261D8A /* PublicMethods.m */,
			);
			path = Public;
			sourceTree = "<group>";
		};
		55DF2E401C560CEA00261D8A /* UpdateZipViewController */ = {
			isa = PBXGroup;
			children = (
				55DF2E411C560CEA00261D8A /* FuFileManager.h */,
				55DF2E421C560CEA00261D8A /* FuFileManager.m */,
				55DF2E431C560CEA00261D8A /* FuMD5Util.h */,
				55DF2E441C560CEA00261D8A /* FuMD5Util.mm */,
				55DF2E451C560CEA00261D8A /* HttpsConnection.h */,
				55DF2E461C560CEA00261D8A /* HttpsConnection.m */,
				55DF2E471C560CEA00261D8A /* NTMsgOperate.h */,
				55DF2E481C560CEA00261D8A /* NTMsgOperate.m */,
				55DF2E491C560CEA00261D8A /* UpdateZipViewController.h */,
				55DF2E4A1C560CEA00261D8A /* UpdateZipViewController.m */,
			);
			path = UpdateZipViewController;
			sourceTree = "<group>";
		};
		96D9945B1C3FB27B0098E61F /* OtherClasslib */ = {
			isa = PBXGroup;
			children = (
				556311ED1C802C7E00705A4E /* UICKeyChainStore */,
				96D995031C4352C00098E61F /* SSZipArchive */,
				96D9945C1C3FB27B0098E61F /* AFNetworking */,
				96D994701C3FB27B0098E61F /* ASProgressPopUpView */,
				96D994751C3FB27B0098E61F /* FMDB */,
				96D994811C3FB27B0098E61F /* KLCPopup */,
				96D994841C3FB27B0098E61F /* Masonry */,
				96D9949F1C3FB27B0098E61F /* MBProgressHUD */,
				96D994A21C3FB27B0098E61F /* UIAlertView-Blocks */,
				96D994A91C3FB27B0098E61F /* ZipArchive */,
			);
			path = OtherClasslib;
			sourceTree = "<group>";
		};
		96D9945C1C3FB27B0098E61F /* AFNetworking */ = {
			isa = PBXGroup;
			children = (
				96D9945D1C3FB27B0098E61F /* AFHTTPRequestOperation.h */,
				96D9945E1C3FB27B0098E61F /* AFHTTPRequestOperation.m */,
				96D9945F1C3FB27B0098E61F /* AFHTTPRequestOperationManager.h */,
				96D994601C3FB27B0098E61F /* AFHTTPRequestOperationManager.m */,
				96D994611C3FB27B0098E61F /* AFHTTPSessionManager.h */,
				96D994621C3FB27B0098E61F /* AFHTTPSessionManager.m */,
				96D994631C3FB27B0098E61F /* AFNetworking.h */,
				96D994641C3FB27B0098E61F /* AFNetworkReachabilityManager.h */,
				96D994651C3FB27B0098E61F /* AFNetworkReachabilityManager.m */,
				96D994661C3FB27B0098E61F /* AFSecurityPolicy.h */,
				96D994671C3FB27B0098E61F /* AFSecurityPolicy.m */,
				96D994681C3FB27B0098E61F /* AFURLConnectionOperation.h */,
				96D994691C3FB27B0098E61F /* AFURLConnectionOperation.m */,
				96D9946A1C3FB27B0098E61F /* AFURLRequestSerialization.h */,
				96D9946B1C3FB27B0098E61F /* AFURLRequestSerialization.m */,
				96D9946C1C3FB27B0098E61F /* AFURLResponseSerialization.h */,
				96D9946D1C3FB27B0098E61F /* AFURLResponseSerialization.m */,
				96D9946E1C3FB27B0098E61F /* AFURLSessionManager.h */,
				96D9946F1C3FB27B0098E61F /* AFURLSessionManager.m */,
			);
			path = AFNetworking;
			sourceTree = "<group>";
		};
		96D994701C3FB27B0098E61F /* ASProgressPopUpView */ = {
			isa = PBXGroup;
			children = (
				96D994711C3FB27B0098E61F /* ASPopUpView.h */,
				96D994721C3FB27B0098E61F /* ASPopUpView.m */,
				96D994731C3FB27B0098E61F /* ASProgressPopUpView.h */,
				96D994741C3FB27B0098E61F /* ASProgressPopUpView.m */,
			);
			path = ASProgressPopUpView;
			sourceTree = "<group>";
		};
		96D994751C3FB27B0098E61F /* FMDB */ = {
			isa = PBXGroup;
			children = (
				96D994761C3FB27B0098E61F /* FMDatabase.h */,
				96D994771C3FB27B0098E61F /* FMDatabase.m */,
				96D994781C3FB27B0098E61F /* FMDatabaseAdditions.h */,
				96D994791C3FB27B0098E61F /* FMDatabaseAdditions.m */,
				96D9947A1C3FB27B0098E61F /* FMDatabasePool.h */,
				96D9947B1C3FB27B0098E61F /* FMDatabasePool.m */,
				96D9947C1C3FB27B0098E61F /* FMDatabaseQueue.h */,
				96D9947D1C3FB27B0098E61F /* FMDatabaseQueue.m */,
				96D9947E1C3FB27B0098E61F /* FMDB.h */,
				96D9947F1C3FB27B0098E61F /* FMResultSet.h */,
				96D994801C3FB27B0098E61F /* FMResultSet.m */,
			);
			path = FMDB;
			sourceTree = "<group>";
		};
		96D994811C3FB27B0098E61F /* KLCPopup */ = {
			isa = PBXGroup;
			children = (
				96D994821C3FB27B0098E61F /* KLCPopup.h */,
				96D994831C3FB27B0098E61F /* KLCPopup.m */,
			);
			path = KLCPopup;
			sourceTree = "<group>";
		};
		96D994841C3FB27B0098E61F /* Masonry */ = {
			isa = PBXGroup;
			children = (
				96D994851C3FB27B0098E61F /* Info.plist */,
				96D994861C3FB27B0098E61F /* MASCompositeConstraint.h */,
				96D994871C3FB27B0098E61F /* MASCompositeConstraint.m */,
				96D994881C3FB27B0098E61F /* MASConstraint+Private.h */,
				96D994891C3FB27B0098E61F /* MASConstraint.h */,
				96D9948A1C3FB27B0098E61F /* MASConstraint.m */,
				96D9948B1C3FB27B0098E61F /* MASConstraintMaker.h */,
				96D9948C1C3FB27B0098E61F /* MASConstraintMaker.m */,
				96D9948D1C3FB27B0098E61F /* MASLayoutConstraint.h */,
				96D9948E1C3FB27B0098E61F /* MASLayoutConstraint.m */,
				96D9948F1C3FB27B0098E61F /* Masonry.h */,
				96D994901C3FB27B0098E61F /* MASUtilities.h */,
				96D994911C3FB27B0098E61F /* MASViewAttribute.h */,
				96D994921C3FB27B0098E61F /* MASViewAttribute.m */,
				96D994931C3FB27B0098E61F /* MASViewConstraint.h */,
				96D994941C3FB27B0098E61F /* MASViewConstraint.m */,
				96D994951C3FB27B0098E61F /* NSArray+MASAdditions.h */,
				96D994961C3FB27B0098E61F /* NSArray+MASAdditions.m */,
				96D994971C3FB27B0098E61F /* NSArray+MASShorthandAdditions.h */,
				96D994981C3FB27B0098E61F /* NSLayoutConstraint+MASDebugAdditions.h */,
				96D994991C3FB27B0098E61F /* NSLayoutConstraint+MASDebugAdditions.m */,
				96D9949A1C3FB27B0098E61F /* View+MASAdditions.h */,
				96D9949B1C3FB27B0098E61F /* View+MASAdditions.m */,
				96D9949C1C3FB27B0098E61F /* View+MASShorthandAdditions.h */,
				96D9949D1C3FB27B0098E61F /* ViewController+MASAdditions.h */,
				96D9949E1C3FB27B0098E61F /* ViewController+MASAdditions.m */,
			);
			path = Masonry;
			sourceTree = "<group>";
		};
		96D9949F1C3FB27B0098E61F /* MBProgressHUD */ = {
			isa = PBXGroup;
			children = (
				96D994A01C3FB27B0098E61F /* MBProgressHUD.h */,
				96D994A11C3FB27B0098E61F /* MBProgressHUD.m */,
			);
			path = MBProgressHUD;
			sourceTree = "<group>";
		};
		96D994A21C3FB27B0098E61F /* UIAlertView-Blocks */ = {
			isa = PBXGroup;
			children = (
				96D994A31C3FB27B0098E61F /* RIButtonItem.h */,
				96D994A41C3FB27B0098E61F /* RIButtonItem.m */,
				96D994A51C3FB27B0098E61F /* UIActionSheet+Blocks.h */,
				96D994A61C3FB27B0098E61F /* UIActionSheet+Blocks.m */,
				96D994A71C3FB27B0098E61F /* UIAlertView+Blocks.h */,
				96D994A81C3FB27B0098E61F /* UIAlertView+Blocks.m */,
			);
			path = "UIAlertView-Blocks";
			sourceTree = "<group>";
		};
		96D994A91C3FB27B0098E61F /* ZipArchive */ = {
			isa = PBXGroup;
			children = (
				96D994B41C3FB27B0098E61F /* ZipArchive.h */,
				96D994B51C3FB27B0098E61F /* ZipArchive.mm */,
			);
			path = ZipArchive;
			sourceTree = "<group>";
		};
		96D995031C4352C00098E61F /* SSZipArchive */ = {
			isa = PBXGroup;
			children = (
				96D995271C43534F0098E61F /* minizip */,
				96D995041C4352C00098E61F /* aes */,
				96D9951A1C4352C00098E61F /* Common.h */,
				96D9951B1C4352C00098E61F /* SSZipArchive.h */,
				96D9951C1C4352C00098E61F /* SSZipArchive.m */,
			);
			path = SSZipArchive;
			sourceTree = "<group>";
		};
		96D995041C4352C00098E61F /* aes */ = {
			isa = PBXGroup;
			children = (
				96D995051C4352C00098E61F /* aes.h */,
				96D995061C4352C00098E61F /* aes_via_ace.h */,
				96D995071C4352C00098E61F /* aescrypt.c */,
				96D995081C4352C00098E61F /* aeskey.c */,
				96D995091C4352C00098E61F /* aesopt.h */,
				96D9950A1C4352C00098E61F /* aestab.c */,
				96D9950B1C4352C00098E61F /* aestab.h */,
				96D9950C1C4352C00098E61F /* brg_endian.h */,
				96D9950D1C4352C00098E61F /* brg_types.h */,
				96D9950E1C4352C00098E61F /* entropy.c */,
				96D9950F1C4352C00098E61F /* entropy.h */,
				96D995101C4352C00098E61F /* fileenc.c */,
				96D995111C4352C00098E61F /* fileenc.h */,
				96D995121C4352C00098E61F /* hmac.c */,
				96D995131C4352C00098E61F /* hmac.h */,
				96D995141C4352C00098E61F /* prng.c */,
				96D995151C4352C00098E61F /* prng.h */,
				96D995161C4352C00098E61F /* pwd2key.c */,
				96D995171C4352C00098E61F /* pwd2key.h */,
				96D995181C4352C00098E61F /* sha1.c */,
				96D995191C4352C00098E61F /* sha1.h */,
			);
			path = aes;
			sourceTree = "<group>";
		};
		96D995271C43534F0098E61F /* minizip */ = {
			isa = PBXGroup;
			children = (
				96D995281C43534F0098E61F /* crypt.h */,
				96D995291C43534F0098E61F /* ioapi.c */,
				96D9952A1C43534F0098E61F /* ioapi.h */,
				96D9952B1C43534F0098E61F /* mztools.c */,
				96D9952C1C43534F0098E61F /* mztools.h */,
				96D9952D1C43534F0098E61F /* unzip.c */,
				96D9952E1C43534F0098E61F /* unzip.h */,
				96D9952F1C43534F0098E61F /* zip.c */,
				96D995301C43534F0098E61F /* zip.h */,
			);
			path = minizip;
			sourceTree = "<group>";
		};
		EB87FDF11871DA420020F90C /* Staging */ = {
			isa = PBXGroup;
			children = (
				F840E1F0165FE0F500CFE078 /* config.xml */,
				301BF56E109A69640062928A /* www */,
			);
			name = Staging;
			sourceTree = "<group>";
		};
/* End PBXGroup section */

/* Begin PBXNativeTarget section */
		1D6058900D05DD3D006BFB54 /* appCheck_Ios */ = {
			isa = PBXNativeTarget;
			buildConfigurationList = 1D6058960D05DD3E006BFB54 /* Build configuration list for PBXNativeTarget "appCheck_Ios" */;
			buildPhases = (
				304B58A110DAC018002A0835 /* Copy www directory */,
				1D60588D0D05DD3D006BFB54 /* Resources */,
				1D60588E0D05DD3D006BFB54 /* Sources */,
				1D60588F0D05DD3D006BFB54 /* Frameworks */,
			);
			buildRules = (
			);
			dependencies = (
				301BF551109A68C00062928A /* PBXTargetDependency */,
			);
			name = appCheck_Ios;
			productName = appCheck_Ios;
			productReference = 1D6058910D05DD3D006BFB54 /* appCheck_Ios.app */;
			productType = "com.apple.product-type.application";
		};
/* End PBXNativeTarget section */

/* Begin PBXProject section */
		29B97313FDCFA39411CA2CEA /* Project object */ = {
			isa = PBXProject;
			attributes = {
				LastUpgradeCheck = 510;
			};
			buildConfigurationList = C01FCF4E08A954540054247B /* Build configuration list for PBXProject "appCheck_Ios" */;
			compatibilityVersion = "Xcode 3.2";
			developmentRegion = English;
			hasScannedForEncodings = 1;
			knownRegions = (
				English,
				Japanese,
				French,
				German,
				en,
				es,
				de,
				se,
			);
			mainGroup = 29B97314FDCFA39411CA2CEA /* CustomTemplate */;
			projectDirPath = "";
			projectReferences = (
				{
					ProductGroup = 301BF52E109A57CC0062928A /* Products */;
					ProjectRef = 301BF52D109A57CC0062928A /* CordovaLib.xcodeproj */;
				},
			);
			projectRoot = "";
			targets = (
				1D6058900D05DD3D006BFB54 /* appCheck_Ios */,
			);
		};
/* End PBXProject section */

/* Begin PBXReferenceProxy section */
		301BF535109A57CC0062928A /* libCordova.a */ = {
			isa = PBXReferenceProxy;
			fileType = archive.ar;
			path = libCordova.a;
			remoteRef = 301BF534109A57CC0062928A /* PBXContainerItemProxy */;
			sourceTree = BUILT_PRODUCTS_DIR;
		};
/* End PBXReferenceProxy section */

/* Begin PBXResourcesBuildPhase section */
		1D60588D0D05DD3D006BFB54 /* Resources */ = {
			isa = PBXResourcesBuildPhase;
			buildActionMask = 2147483647;
			files = (
553513091C570DDF0046DC7C /* NTCamera.bundle in Resources */,
				96D995011C433F180098E61F /* Images.xcassets in Resources */,
				302D95F214D2391D003F00A1 /* MainViewController.xib in Resources */,
				55DF2E1C1C5605AA00261D8A /* TencentOpenApi_IOS_Bundle.bundle in Resources */,
				55DF2E201C5605AA00261D8A /* WeiboSDK.bundle in Resources */,
				55DF2E1E1C5605AA00261D8A /* read_me.txt in Resources */,
				96D994D81C3FB27B0098E61F /* Info.plist in Resources */,
			);
			runOnlyForDeploymentPostprocessing = 0;
		};
/* End PBXResourcesBuildPhase section */

/* Begin PBXShellScriptBuildPhase section */
		304B58A110DAC018002A0835 /* Copy www directory */ = {
			isa = PBXShellScriptBuildPhase;
			buildActionMask = 2147483647;
			files = (
			);
			inputPaths = (
			);
			name = "Copy www directory";
			outputPaths = (
			);
			runOnlyForDeploymentPostprocessing = 0;
			shellPath = /bin/sh;
			shellScript = "cordova/lib/copy-www-build-step.sh";
			showEnvVarsInLog = 0;
		};
/* End PBXShellScriptBuildPhase section */

/* Begin PBXSourcesBuildPhase section */
		1D60588E0D05DD3D006BFB54 /* Sources */ = {
			isa = PBXSourcesBuildPhase;
			buildActionMask = 2147483647;
			files = (
				96D995221C4352C10098E61F /* hmac.c in Sources */,
				96D994CC1C3FB27B0098E61F /* AFURLConnectionOperation.m in Sources */,
				55DF2E4B1C560CEA00261D8A /* NSDictionary+Verified.m in Sources */,
				96D9951D1C4352C00098E61F /* aescrypt.c in Sources */,
				96D994D01C3FB27B0098E61F /* ASPopUpView.m in Sources */,
				254C10011A58ED58007F74AF /* CDVNotification.m in Sources */,
				96D995341C43534F0098E61F /* zip.c in Sources */,
				254C10021A58ED58007F74AF /* CDVAssetLibraryFilesystem.m in Sources */,
				96D994CD1C3FB27B0098E61F /* AFURLRequestSerialization.m in Sources */,
				96D994D71C3FB27B0098E61F /* KLCPopup.m in Sources */,
				96D995231C4352C10098E61F /* prng.c in Sources */,
				254C0FFD1A58ED58007F74AF /* CDVCamera.m in Sources */,
				254C10041A58ED58007F74AF /* CDVLocalFilesystem.m in Sources */,
				55DF2E501C560CEA00261D8A /* NTMsgOperate.m in Sources */,
				96D994E51C3FB27B0098E61F /* UIActionSheet+Blocks.m in Sources */,
				254C0FFE1A58ED58007F74AF /* CDVJpegHeaderWriter.m in Sources */,
				96D994DC1C3FB27B0098E61F /* MASLayoutConstraint.m in Sources */,
				96D995211C4352C10098E61F /* fileenc.c in Sources */,
				96D994CA1C3FB27B0098E61F /* AFNetworkReachabilityManager.m in Sources */,
				96D994CF1C3FB27B0098E61F /* AFURLSessionManager.m in Sources */,
				254C100B1A58ED58007F74AF /* CDVReachability.m in Sources */,
				55DF2E4D1C560CEA00261D8A /* FuFileManager.m in Sources */,
				96D995201C4352C10098E61F /* entropy.c in Sources */,
				96D994C71C3FB27B0098E61F /* AFHTTPRequestOperation.m in Sources */,
				96D994DD1C3FB27B0098E61F /* MASViewAttribute.m in Sources */,
				55DF2E4E1C560CEA00261D8A /* FuMD5Util.mm in Sources */,
				96D995331C43534F0098E61F /* unzip.c in Sources */,
				1D60589B0D05DD56006BFB54 /* main.m in Sources */,
				96D994DE1C3FB27B0098E61F /* MASViewConstraint.m in Sources */,
				96D9951E1C4352C00098E61F /* aeskey.c in Sources */,
				254C0FFF1A58ED58007F74AF /* CDVLogger.m in Sources */,
				96D995241C4352C10098E61F /* pwd2key.c in Sources */,
				96D994E41C3FB27B0098E61F /* RIButtonItem.m in Sources */,
				96D994E01C3FB27B0098E61F /* NSLayoutConstraint+MASDebugAdditions.m in Sources */,
				96D994E61C3FB27B0098E61F /* UIAlertView+Blocks.m in Sources */,
				96D995311C43534F0098E61F /* ioapi.c in Sources */,
				96D995251C4352C10098E61F /* sha1.c in Sources */,
				96D994D51C3FB27B0098E61F /* FMDatabaseQueue.m in Sources */,
				96D994DF1C3FB27B0098E61F /* NSArray+MASAdditions.m in Sources */,
				96D994E11C3FB27B0098E61F /* View+MASAdditions.m in Sources */,
				55DF2E4F1C560CEA00261D8A /* HttpsConnection.m in Sources */,
				96D994D41C3FB27B0098E61F /* FMDatabasePool.m in Sources */,
				96D994D21C3FB27B0098E61F /* FMDatabase.m in Sources */,
				254C10081A58ED58007F74AF /* CDVInAppBrowser.m in Sources */,
				1D3623260D0F684500981E51 /* AppDelegate.m in Sources */,
				55DF2E511C560CEA00261D8A /* UpdateZipViewController.m in Sources */,
				96D994D61C3FB27B0098E61F /* FMResultSet.m in Sources */,
				96D994D91C3FB27B0098E61F /* MASCompositeConstraint.m in Sources */,
				254C100A1A58ED58007F74AF /* CDVConnection.m in Sources */,
				254C10061A58ED58007F74AF /* CDVLocation.m in Sources */,
				55DF2E4C1C560CEA00261D8A /* PublicMethods.m in Sources */,
				96D995261C4352C10098E61F /* SSZipArchive.m in Sources */,
				96D994C81C3FB27B0098E61F /* AFHTTPRequestOperationManager.m in Sources */,
				254C10071A58ED58007F74AF /* CDVGlobalization.m in Sources */,
				556311F01C802C7E00705A4E /* UICKeyChainStore.m in Sources */,
				96D994C91C3FB27B0098E61F /* AFHTTPSessionManager.m in Sources */,
				96D994E31C3FB27B0098E61F /* MBProgressHUD.m in Sources */,
				96D994DB1C3FB27B0098E61F /* MASConstraintMaker.m in Sources */,
				96D994CB1C3FB27B0098E61F /* AFSecurityPolicy.m in Sources */,
				96D994CE1C3FB27B0098E61F /* AFURLResponseSerialization.m in Sources */,
				254C10051A58ED58007F74AF /* CDVFileTransfer.m in Sources */,
				96D994D31C3FB27B0098E61F /* FMDatabaseAdditions.m in Sources */,
				254C10001A58ED58007F74AF /* CDVDevice.m in Sources */,
				96D994E21C3FB27B0098E61F /* ViewController+MASAdditions.m in Sources */,
				96D994D11C3FB27B0098E61F /* ASProgressPopUpView.m in Sources */,
				302D95F114D2391D003F00A1 /* MainViewController.m in Sources */,
				96D995321C43534F0098E61F /* mztools.c in Sources */,
				254C10031A58ED58007F74AF /* CDVFile.m in Sources */,
				96D994EB1C3FB27B0098E61F /* ZipArchive.mm in Sources */,
				96D9951F1C4352C00098E61F /* aestab.c in Sources */,
				96D994DA1C3FB27B0098E61F /* MASConstraint.m in Sources */,
			);
			runOnlyForDeploymentPostprocessing = 0;
		};
/* End PBXSourcesBuildPhase section */

/* Begin PBXTargetDependency section */
		301BF551109A68C00062928A /* PBXTargetDependency */ = {
			isa = PBXTargetDependency;
			name = CordovaLib;
			targetProxy = 301BF550109A68C00062928A /* PBXContainerItemProxy */;
		};
/* End PBXTargetDependency section */

/* Begin XCBuildConfiguration section */
		1D6058940D05DD3E006BFB54 /* Debug */ = {
			isa = XCBuildConfiguration;
			buildSettings = {
				ALWAYS_SEARCH_USER_PATHS = NO;
				ASSETCATALOG_COMPILER_APPICON_NAME = AppIcon;
				ASSETCATALOG_COMPILER_LAUNCHIMAGE_NAME = "Brand Assets";
				CLANG_ENABLE_OBJC_ARC = YES;
				COPY_PHASE_STRIP = NO;
				FRAMEWORK_SEARCH_PATHS = (
					"$(inherited)",
					"$(PROJECT_DIR)/appCheck_Ios/Plugins",
					"$(PROJECT_DIR)/appCheck_Ios/Classes/lib/qq",
				);
				GCC_DYNAMIC_NO_PIC = NO;
				GCC_OPTIMIZATION_LEVEL = 0;
				GCC_PRECOMPILE_PREFIX_HEADER = YES;
				GCC_PREFIX_HEADER = "appCheck_Ios/appCheck_Ios-Prefix.pch";
				GCC_THUMB_SUPPORT = NO;
				GCC_VERSION = "";
				INFOPLIST_FILE = "appCheck_Ios/appCheck_Ios-Info.plist";
				IPHONEOS_DEPLOYMENT_TARGET = 7.0;
				LIBRARY_SEARCH_PATHS = (
					"$(inherited)",
					"$(PROJECT_DIR)/appCheck_Ios/Plugins/com.nantian.share/ShareMenu/lib/wechat",
					"$(PROJECT_DIR)/appCheck_Ios/Plugins/com.nantian.share/ShareMenu/lib/weibo",
					"$(PROJECT_DIR)/appCheck_Ios/Classes/lib/wechat",
					"$(PROJECT_DIR)/appCheck_Ios/Classes/lib/weibo",
				);
				OTHER_LDFLAGS = (
					"-weak_framework",
					CoreFoundation,
					"-weak_framework",
					UIKit,
					"-weak_framework",
					AVFoundation,
					"-weak_framework",
					CoreMedia,
					"-weak-lSystem",
					"-ObjC",
				);
				PRODUCT_BUNDLE_IDENTIFIER = "bidaround.youtuiShare-ios";
				PRODUCT_NAME = appCheck_Ios;
				TARGETED_DEVICE_FAMILY = "1,2";
			};
			name = Debug;
		};
		1D6058950D05DD3E006BFB54 /* Release */ = {
			isa = XCBuildConfiguration;
			buildSettings = {
				ALWAYS_SEARCH_USER_PATHS = NO;
				ASSETCATALOG_COMPILER_APPICON_NAME = AppIcon;
				ASSETCATALOG_COMPILER_LAUNCHIMAGE_NAME = "Brand Assets";
				CLANG_ENABLE_OBJC_ARC = YES;
				COPY_PHASE_STRIP = YES;
				FRAMEWORK_SEARCH_PATHS = (
					"$(inherited)",
					"$(PROJECT_DIR)/appCheck_Ios/Plugins",
					"$(PROJECT_DIR)/appCheck_Ios/Classes/lib/qq",
				);
				GCC_PRECOMPILE_PREFIX_HEADER = YES;
				GCC_PREFIX_HEADER = "appCheck_Ios/appCheck_Ios-Prefix.pch";
				GCC_THUMB_SUPPORT = NO;
				GCC_VERSION = "";
				INFOPLIST_FILE = "appCheck_Ios/appCheck_Ios-Info.plist";
				IPHONEOS_DEPLOYMENT_TARGET = 7.0;
				LIBRARY_SEARCH_PATHS = (
					"$(inherited)",
					"$(PROJECT_DIR)/appCheck_Ios/Plugins/com.nantian.share/ShareMenu/lib/wechat",
					"$(PROJECT_DIR)/appCheck_Ios/Plugins/com.nantian.share/ShareMenu/lib/weibo",
					"$(PROJECT_DIR)/appCheck_Ios/Classes/lib/wechat",
					"$(PROJECT_DIR)/appCheck_Ios/Classes/lib/weibo",
				);
				OTHER_LDFLAGS = (
					"-weak_framework",
					CoreFoundation,
					"-weak_framework",
					UIKit,
					"-weak_framework",
					AVFoundation,
					"-weak_framework",
					CoreMedia,
					"-weak-lSystem",
					"-ObjC",
				);
				PRODUCT_BUNDLE_IDENTIFIER = "bidaround.youtuiShare-ios";
				PRODUCT_NAME = appCheck_Ios;
				TARGETED_DEVICE_FAMILY = "1,2";
			};
			name = Release;
		};
		C01FCF4F08A954540054247B /* Debug */ = {
			isa = XCBuildConfiguration;
			buildSettings = {
				CLANG_ENABLE_OBJC_ARC = YES;
				CLANG_WARN_BOOL_CONVERSION = YES;
				CLANG_WARN_CONSTANT_CONVERSION = YES;
				CLANG_WARN_EMPTY_BODY = YES;
				CLANG_WARN_ENUM_CONVERSION = YES;
				CLANG_WARN_INT_CONVERSION = YES;
				CLANG_WARN__DUPLICATE_METHOD_MATCH = YES;
				"CODE_SIGN_IDENTITY[sdk=iphoneos*]" = "iPhone Developer";
				GCC_C_LANGUAGE_STANDARD = c99;
				GCC_THUMB_SUPPORT = NO;
				GCC_VERSION = "";
				GCC_WARN_ABOUT_RETURN_TYPE = YES;
				GCC_WARN_UNDECLARED_SELECTOR = YES;
				GCC_WARN_UNINITIALIZED_AUTOS = YES;
				GCC_WARN_UNUSED_FUNCTION = YES;
				GCC_WARN_UNUSED_VARIABLE = YES;
				HEADER_SEARCH_PATHS = (
					"\"$(TARGET_BUILD_DIR)/usr/local/lib/include\"",
					"\"$(OBJROOT)/UninstalledProducts/include\"",
					"\"$(BUILT_PRODUCTS_DIR)\"",
				);
				IPHONEOS_DEPLOYMENT_TARGET = 6.0;
				ONLY_ACTIVE_ARCH = YES;
				OTHER_LDFLAGS = (
					"-weak_framework",
					CoreFoundation,
					"-weak_framework",
					UIKit,
					"-weak_framework",
					AVFoundation,
					"-weak_framework",
					CoreMedia,
					"-weak-lSystem",
					"-ObjC",
				);
				SDKROOT = iphoneos;
				SKIP_INSTALL = NO;
				USER_HEADER_SEARCH_PATHS = "";
			};
			name = Debug;
		};
		C01FCF5008A954540054247B /* Release */ = {
			isa = XCBuildConfiguration;
			buildSettings = {
				CLANG_ENABLE_OBJC_ARC = YES;
				CLANG_WARN_BOOL_CONVERSION = YES;
				CLANG_WARN_CONSTANT_CONVERSION = YES;
				CLANG_WARN_EMPTY_BODY = YES;
				CLANG_WARN_ENUM_CONVERSION = YES;
				CLANG_WARN_INT_CONVERSION = YES;
				CLANG_WARN__DUPLICATE_METHOD_MATCH = YES;
				"CODE_SIGN_IDENTITY[sdk=iphoneos*]" = "iPhone Developer";
				GCC_C_LANGUAGE_STANDARD = c99;
				GCC_THUMB_SUPPORT = NO;
				GCC_VERSION = "";
				GCC_WARN_ABOUT_RETURN_TYPE = YES;
				GCC_WARN_UNDECLARED_SELECTOR = YES;
				GCC_WARN_UNINITIALIZED_AUTOS = YES;
				GCC_WARN_UNUSED_FUNCTION = YES;
				GCC_WARN_UNUSED_VARIABLE = YES;
				HEADER_SEARCH_PATHS = (
					"\"$(TARGET_BUILD_DIR)/usr/local/lib/include\"",
					"\"$(OBJROOT)/UninstalledProducts/include\"",
					"\"$(BUILT_PRODUCTS_DIR)\"",
				);
				IPHONEOS_DEPLOYMENT_TARGET = 6.0;
				OTHER_LDFLAGS = (
					"-weak_framework",
					CoreFoundation,
					"-weak_framework",
					UIKit,
					"-weak_framework",
					AVFoundation,
					"-weak_framework",
					CoreMedia,
					"-weak-lSystem",
					"-ObjC",
				);
				SDKROOT = iphoneos;
				SKIP_INSTALL = NO;
				USER_HEADER_SEARCH_PATHS = "";
			};
			name = Release;
		};
/* End XCBuildConfiguration section */

/* Begin XCConfigurationList section */
		1D6058960D05DD3E006BFB54 /* Build configuration list for PBXNativeTarget "appCheck_Ios" */ = {
			isa = XCConfigurationList;
			buildConfigurations = (
				1D6058940D05DD3E006BFB54 /* Debug */,
				1D6058950D05DD3E006BFB54 /* Release */,
			);
			defaultConfigurationIsVisible = 0;
			defaultConfigurationName = Release;
		};
		C01FCF4E08A954540054247B /* Build configuration list for PBXProject "appCheck_Ios" */ = {
			isa = XCConfigurationList;
			buildConfigurations = (
				C01FCF4F08A954540054247B /* Debug */,
				C01FCF5008A954540054247B /* Release */,
			);
			defaultConfigurationIsVisible = 0;
			defaultConfigurationName = Release;
		};
/* End XCConfigurationList section */
	};
	rootObject = 29B97313FDCFA39411CA2CEA /* Project object */;
}
